
Microsoft Visual Studio Solution File, Format Version 12.00
# Visual Studio Version 17
VisualStudioVersion = 17.0.32014.148
MinimumVisualStudioVersion = 10.0.40219.1
Project("{2150E333-8FDC-42A3-9474-1A3956D46DE8}") = "FullTrust", "FullTrust", "{E1426653-7078-45FE-8966-C7A7BDC4369A}"
EndProject
Project("{9A19103F-16F7-4668-BE54-9A1E7A4F7556}") = "JumpPoint.FullTrust.Core", "JumpPoint.FullTrust.Core\JumpPoint.FullTrust.Core.csproj", "{CE17E028-A91A-426D-8E1E-F13430FFDCCC}"
EndProject
Project("{FAE04EC0-301F-11D3-BF4B-00C04F79EFBC}") = "JumpPoint.FullTrust", "JumpPoint.FullTrust\JumpPoint.FullTrust.csproj", "{91BC12BD-42D3-4F3A-A1C7-5E83DD0C41E2}"
EndProject
Project("{9A19103F-16F7-4668-BE54-9A1E7A4F7556}") = "JumpPoint.Platform", "JumpPoint.Platform\JumpPoint.Platform.csproj", "{657D1E95-1520-4DAB-ABF1-E1DD7718C46F}"
EndProject
Project("{9A19103F-16F7-4668-BE54-9A1E7A4F7556}") = "JumpPoint.Platform.Items", "JumpPoint.Platform.Items\JumpPoint.Platform.Items.csproj", "{424298E1-C917-4B03-9379-26096134E514}"
EndProject
Project("{9A19103F-16F7-4668-BE54-9A1E7A4F7556}") = "JumpPoint.Platform.Services", "JumpPoint.Platform.Services\JumpPoint.Platform.Services.csproj", "{BEEA9C15-90EE-4473-A630-D8E69274C3A0}"
	ProjectSection(ProjectDependencies) = postProject
		{3767D794-4942-425C-8319-B8DEF530AB1C} = {3767D794-4942-425C-8319-B8DEF530AB1C}
	EndProjectSection
EndProject
Project("{9A19103F-16F7-4668-BE54-9A1E7A4F7556}") = "JumpPoint.Platform.Watchers", "JumpPoint.Platform.Watchers\JumpPoint.Platform.Watchers.csproj", "{2599C9EA-7D83-4861-9D63-7C11D3936498}"
EndProject
Project("{9A19103F-16F7-4668-BE54-9A1E7A4F7556}") = "JumpPoint.Platform.Interop", "JumpPoint.Platform.Interop\JumpPoint.Platform.Interop.csproj", "{3767D794-4942-425C-8319-B8DEF530AB1C}"
EndProject
Project("{9A19103F-16F7-4668-BE54-9A1E7A4F7556}") = "JumpPoint.Platform.Models", "JumpPoint.Platform.Models\JumpPoint.Platform.Models.csproj", "{553F43D1-46E2-4652-8335-D5298F75174F}"
EndProject
Project("{2150E333-8FDC-42A3-9474-1A3956D46DE8}") = "OneDrive", "OneDrive", "{6EADBEA5-272B-4141-BDE6-1B30B3F8084F}"
EndProject
Project("{9A19103F-16F7-4668-BE54-9A1E7A4F7556}") = "JumpPoint.Platform.Services.OneDrive", "JumpPoint.Platform.Services.OneDrive\JumpPoint.Platform.Services.OneDrive.csproj", "{69F2DC55-9ECA-44BB-B43E-F6B4DEF0EBBF}"
EndProject
Project("{9A19103F-16F7-4668-BE54-9A1E7A4F7556}") = "JumpPoint.Platform.Items.OneDrive", "JumpPoint.Platform.Items.OneDrive\JumpPoint.Platform.Items.OneDrive.csproj", "{79B5D537-B511-4294-87E9-E73B3415AD0F}"
EndProject
Project("{9A19103F-16F7-4668-BE54-9A1E7A4F7556}") = "JumpPoint.Platform.Extensions", "JumpPoint.Platform.Extensions\JumpPoint.Platform.Extensions.csproj", "{59ECC7D4-354C-4B81-B387-E7358BDD9BC4}"
	ProjectSection(ProjectDependencies) = postProject
		{3767D794-4942-425C-8319-B8DEF530AB1C} = {3767D794-4942-425C-8319-B8DEF530AB1C}
	EndProjectSection
EndProject
Project("{2150E333-8FDC-42A3-9474-1A3956D46DE8}") = "Platform", "Platform", "{4BF12415-D48E-4A1B-94A1-CD5FFFF89BDA}"
EndProject
Project("{9A19103F-16F7-4668-BE54-9A1E7A4F7556}") = "JumpPoint.ViewModels", "JumpPoint.ViewModels\JumpPoint.ViewModels.csproj", "{778715F2-DADA-499A-9540-D1AB6BCA37E1}"
EndProject
Project("{FAE04EC0-301F-11D3-BF4B-00C04F79EFBC}") = "JumpPoint.Uwp.Tasks", "JumpPoint.Uwp.Tasks\JumpPoint.Uwp.Tasks.csproj", "{90912DE8-7F9B-4FD7-863B-95FCBE599982}"
EndProject
Project("{FAE04EC0-301F-11D3-BF4B-00C04F79EFBC}") = "JumpPoint.Uwp", "JumpPoint.Uwp\JumpPoint.Uwp.csproj", "{CDBCCF2B-BD53-45FB-BF5C-EF57ABE31A98}"
EndProject
Project("{C7167F0D-BC9F-4E6E-AFE1-012C56B48DB5}") = "JumpPoint.Package.Beta", "JumpPoint.Package.Beta\JumpPoint.Package.Beta.wapproj", "{B09E2619-1886-40C4-8A8B-22E46B61C716}"
EndProject
Project("{C7167F0D-BC9F-4E6E-AFE1-012C56B48DB5}") = "JumpPoint.Package", "JumpPoint.Package\JumpPoint.Package.wapproj", "{A58F3DC7-4E7C-4E02-8852-BD8B8F913E5D}"
EndProject
Project("{FAE04EC0-301F-11D3-BF4B-00C04F79EFBC}") = "JumpPoint.FullTrust.Startup", "JumpPoint.FullTrust.Startup\JumpPoint.FullTrust.Startup.csproj", "{23FDA6BD-44D2-4D34-B873-A65EAB75A11B}"
EndProject
Global
	GlobalSection(SolutionConfigurationPlatforms) = preSolution
		Debug_BETA|Any CPU = Debug_BETA|Any CPU
		Debug_BETA|ARM = Debug_BETA|ARM
		Debug_BETA|ARM64 = Debug_BETA|ARM64
		Debug_BETA|x64 = Debug_BETA|x64
		Debug_BETA|x86 = Debug_BETA|x86
		Debug|Any CPU = Debug|Any CPU
		Debug|ARM = Debug|ARM
		Debug|ARM64 = Debug|ARM64
		Debug|x64 = Debug|x64
		Debug|x86 = Debug|x86
		Release_BETA|Any CPU = Release_BETA|Any CPU
		Release_BETA|ARM = Release_BETA|ARM
		Release_BETA|ARM64 = Release_BETA|ARM64
		Release_BETA|x64 = Release_BETA|x64
		Release_BETA|x86 = Release_BETA|x86
		Release|Any CPU = Release|Any CPU
		Release|ARM = Release|ARM
		Release|ARM64 = Release|ARM64
		Release|x64 = Release|x64
		Release|x86 = Release|x86
	EndGlobalSection
	GlobalSection(ProjectConfigurationPlatforms) = postSolution
		{CE17E028-A91A-426D-8E1E-F13430FFDCCC}.Debug_BETA|Any CPU.ActiveCfg = Debug_BETA|Any CPU
		{CE17E028-A91A-426D-8E1E-F13430FFDCCC}.Debug_BETA|Any CPU.Build.0 = Debug_BETA|Any CPU
		{CE17E028-A91A-426D-8E1E-F13430FFDCCC}.Debug_BETA|ARM.ActiveCfg = Debug_BETA|Any CPU
		{CE17E028-A91A-426D-8E1E-F13430FFDCCC}.Debug_BETA|ARM.Build.0 = Debug_BETA|Any CPU
		{CE17E028-A91A-426D-8E1E-F13430FFDCCC}.Debug_BETA|ARM64.ActiveCfg = Debug_BETA|Any CPU
		{CE17E028-A91A-426D-8E1E-F13430FFDCCC}.Debug_BETA|ARM64.Build.0 = Debug_BETA|Any CPU
		{CE17E028-A91A-426D-8E1E-F13430FFDCCC}.Debug_BETA|x64.ActiveCfg = Debug_BETA|Any CPU
		{CE17E028-A91A-426D-8E1E-F13430FFDCCC}.Debug_BETA|x64.Build.0 = Debug_BETA|Any CPU
		{CE17E028-A91A-426D-8E1E-F13430FFDCCC}.Debug_BETA|x86.ActiveCfg = Debug_BETA|Any CPU
		{CE17E028-A91A-426D-8E1E-F13430FFDCCC}.Debug_BETA|x86.Build.0 = Debug_BETA|Any CPU
		{CE17E028-A91A-426D-8E1E-F13430FFDCCC}.Debug|Any CPU.ActiveCfg = Debug|Any CPU
		{CE17E028-A91A-426D-8E1E-F13430FFDCCC}.Debug|Any CPU.Build.0 = Debug|Any CPU
		{CE17E028-A91A-426D-8E1E-F13430FFDCCC}.Debug|ARM.ActiveCfg = Debug|Any CPU
		{CE17E028-A91A-426D-8E1E-F13430FFDCCC}.Debug|ARM.Build.0 = Debug|Any CPU
		{CE17E028-A91A-426D-8E1E-F13430FFDCCC}.Debug|ARM64.ActiveCfg = Debug|Any CPU
		{CE17E028-A91A-426D-8E1E-F13430FFDCCC}.Debug|ARM64.Build.0 = Debug|Any CPU
		{CE17E028-A91A-426D-8E1E-F13430FFDCCC}.Debug|x64.ActiveCfg = Debug|Any CPU
		{CE17E028-A91A-426D-8E1E-F13430FFDCCC}.Debug|x64.Build.0 = Debug|Any CPU
		{CE17E028-A91A-426D-8E1E-F13430FFDCCC}.Debug|x86.ActiveCfg = Debug|Any CPU
		{CE17E028-A91A-426D-8E1E-F13430FFDCCC}.Debug|x86.Build.0 = Debug|Any CPU
		{CE17E028-A91A-426D-8E1E-F13430FFDCCC}.Release_BETA|Any CPU.ActiveCfg = Release_BETA|Any CPU
		{CE17E028-A91A-426D-8E1E-F13430FFDCCC}.Release_BETA|Any CPU.Build.0 = Release_BETA|Any CPU
		{CE17E028-A91A-426D-8E1E-F13430FFDCCC}.Release_BETA|ARM.ActiveCfg = Release_BETA|Any CPU
		{CE17E028-A91A-426D-8E1E-F13430FFDCCC}.Release_BETA|ARM.Build.0 = Release_BETA|Any CPU
		{CE17E028-A91A-426D-8E1E-F13430FFDCCC}.Release_BETA|ARM64.ActiveCfg = Release_BETA|Any CPU
		{CE17E028-A91A-426D-8E1E-F13430FFDCCC}.Release_BETA|ARM64.Build.0 = Release_BETA|Any CPU
		{CE17E028-A91A-426D-8E1E-F13430FFDCCC}.Release_BETA|x64.ActiveCfg = Release_BETA|Any CPU
		{CE17E028-A91A-426D-8E1E-F13430FFDCCC}.Release_BETA|x64.Build.0 = Release_BETA|Any CPU
		{CE17E028-A91A-426D-8E1E-F13430FFDCCC}.Release_BETA|x86.ActiveCfg = Release_BETA|Any CPU
		{CE17E028-A91A-426D-8E1E-F13430FFDCCC}.Release_BETA|x86.Build.0 = Release_BETA|Any CPU
		{CE17E028-A91A-426D-8E1E-F13430FFDCCC}.Release|Any CPU.ActiveCfg = Release|Any CPU
		{CE17E028-A91A-426D-8E1E-F13430FFDCCC}.Release|Any CPU.Build.0 = Release|Any CPU
		{CE17E028-A91A-426D-8E1E-F13430FFDCCC}.Release|ARM.ActiveCfg = Release|Any CPU
		{CE17E028-A91A-426D-8E1E-F13430FFDCCC}.Release|ARM.Build.0 = Release|Any CPU
		{CE17E028-A91A-426D-8E1E-F13430FFDCCC}.Release|ARM64.ActiveCfg = Release|Any CPU
		{CE17E028-A91A-426D-8E1E-F13430FFDCCC}.Release|ARM64.Build.0 = Release|Any CPU
		{CE17E028-A91A-426D-8E1E-F13430FFDCCC}.Release|x64.ActiveCfg = Release|Any CPU
		{CE17E028-A91A-426D-8E1E-F13430FFDCCC}.Release|x64.Build.0 = Release|Any CPU
		{CE17E028-A91A-426D-8E1E-F13430FFDCCC}.Release|x86.ActiveCfg = Release|Any CPU
		{CE17E028-A91A-426D-8E1E-F13430FFDCCC}.Release|x86.Build.0 = Release|Any CPU
		{91BC12BD-42D3-4F3A-A1C7-5E83DD0C41E2}.Debug_BETA|Any CPU.ActiveCfg = Debug_BETA|Any CPU
		{91BC12BD-42D3-4F3A-A1C7-5E83DD0C41E2}.Debug_BETA|Any CPU.Build.0 = Debug_BETA|Any CPU
		{91BC12BD-42D3-4F3A-A1C7-5E83DD0C41E2}.Debug_BETA|ARM.ActiveCfg = Debug_BETA|Any CPU
		{91BC12BD-42D3-4F3A-A1C7-5E83DD0C41E2}.Debug_BETA|ARM.Build.0 = Debug_BETA|Any CPU
		{91BC12BD-42D3-4F3A-A1C7-5E83DD0C41E2}.Debug_BETA|ARM64.ActiveCfg = Debug_BETA|Any CPU
		{91BC12BD-42D3-4F3A-A1C7-5E83DD0C41E2}.Debug_BETA|ARM64.Build.0 = Debug_BETA|Any CPU
		{91BC12BD-42D3-4F3A-A1C7-5E83DD0C41E2}.Debug_BETA|x64.ActiveCfg = Debug_BETA|Any CPU
		{91BC12BD-42D3-4F3A-A1C7-5E83DD0C41E2}.Debug_BETA|x64.Build.0 = Debug_BETA|Any CPU
		{91BC12BD-42D3-4F3A-A1C7-5E83DD0C41E2}.Debug_BETA|x86.ActiveCfg = Debug_BETA|Any CPU
		{91BC12BD-42D3-4F3A-A1C7-5E83DD0C41E2}.Debug_BETA|x86.Build.0 = Debug_BETA|Any CPU
		{91BC12BD-42D3-4F3A-A1C7-5E83DD0C41E2}.Debug|Any CPU.ActiveCfg = Debug|Any CPU
		{91BC12BD-42D3-4F3A-A1C7-5E83DD0C41E2}.Debug|Any CPU.Build.0 = Debug|Any CPU
		{91BC12BD-42D3-4F3A-A1C7-5E83DD0C41E2}.Debug|ARM.ActiveCfg = Debug|Any CPU
		{91BC12BD-42D3-4F3A-A1C7-5E83DD0C41E2}.Debug|ARM.Build.0 = Debug|Any CPU
		{91BC12BD-42D3-4F3A-A1C7-5E83DD0C41E2}.Debug|ARM64.ActiveCfg = Debug|Any CPU
		{91BC12BD-42D3-4F3A-A1C7-5E83DD0C41E2}.Debug|ARM64.Build.0 = Debug|Any CPU
		{91BC12BD-42D3-4F3A-A1C7-5E83DD0C41E2}.Debug|x64.ActiveCfg = Debug|Any CPU
		{91BC12BD-42D3-4F3A-A1C7-5E83DD0C41E2}.Debug|x64.Build.0 = Debug|Any CPU
		{91BC12BD-42D3-4F3A-A1C7-5E83DD0C41E2}.Debug|x86.ActiveCfg = Debug|Any CPU
		{91BC12BD-42D3-4F3A-A1C7-5E83DD0C41E2}.Debug|x86.Build.0 = Debug|Any CPU
		{91BC12BD-42D3-4F3A-A1C7-5E83DD0C41E2}.Release_BETA|Any CPU.ActiveCfg = Release_BETA|Any CPU
		{91BC12BD-42D3-4F3A-A1C7-5E83DD0C41E2}.Release_BETA|Any CPU.Build.0 = Release_BETA|Any CPU
		{91BC12BD-42D3-4F3A-A1C7-5E83DD0C41E2}.Release_BETA|ARM.ActiveCfg = Release_BETA|Any CPU
		{91BC12BD-42D3-4F3A-A1C7-5E83DD0C41E2}.Release_BETA|ARM.Build.0 = Release_BETA|Any CPU
		{91BC12BD-42D3-4F3A-A1C7-5E83DD0C41E2}.Release_BETA|ARM64.ActiveCfg = Release_BETA|Any CPU
		{91BC12BD-42D3-4F3A-A1C7-5E83DD0C41E2}.Release_BETA|ARM64.Build.0 = Release_BETA|Any CPU
		{91BC12BD-42D3-4F3A-A1C7-5E83DD0C41E2}.Release_BETA|x64.ActiveCfg = Release_BETA|Any CPU
		{91BC12BD-42D3-4F3A-A1C7-5E83DD0C41E2}.Release_BETA|x64.Build.0 = Release_BETA|Any CPU
		{91BC12BD-42D3-4F3A-A1C7-5E83DD0C41E2}.Release_BETA|x86.ActiveCfg = Release_BETA|Any CPU
		{91BC12BD-42D3-4F3A-A1C7-5E83DD0C41E2}.Release_BETA|x86.Build.0 = Release_BETA|Any CPU
		{91BC12BD-42D3-4F3A-A1C7-5E83DD0C41E2}.Release|Any CPU.ActiveCfg = Release|Any CPU
		{91BC12BD-42D3-4F3A-A1C7-5E83DD0C41E2}.Release|Any CPU.Build.0 = Release|Any CPU
		{91BC12BD-42D3-4F3A-A1C7-5E83DD0C41E2}.Release|ARM.ActiveCfg = Release|Any CPU
		{91BC12BD-42D3-4F3A-A1C7-5E83DD0C41E2}.Release|ARM.Build.0 = Release|Any CPU
		{91BC12BD-42D3-4F3A-A1C7-5E83DD0C41E2}.Release|ARM64.ActiveCfg = Release|Any CPU
		{91BC12BD-42D3-4F3A-A1C7-5E83DD0C41E2}.Release|ARM64.Build.0 = Release|Any CPU
		{91BC12BD-42D3-4F3A-A1C7-5E83DD0C41E2}.Release|x64.ActiveCfg = Release|Any CPU
		{91BC12BD-42D3-4F3A-A1C7-5E83DD0C41E2}.Release|x64.Build.0 = Release|Any CPU
		{91BC12BD-42D3-4F3A-A1C7-5E83DD0C41E2}.Release|x86.ActiveCfg = Release|Any CPU
		{91BC12BD-42D3-4F3A-A1C7-5E83DD0C41E2}.Release|x86.Build.0 = Release|Any CPU
		{657D1E95-1520-4DAB-ABF1-E1DD7718C46F}.Debug_BETA|Any CPU.ActiveCfg = Debug_BETA|Any CPU
		{657D1E95-1520-4DAB-ABF1-E1DD7718C46F}.Debug_BETA|Any CPU.Build.0 = Debug_BETA|Any CPU
		{657D1E95-1520-4DAB-ABF1-E1DD7718C46F}.Debug_BETA|ARM.ActiveCfg = Debug_BETA|Any CPU
		{657D1E95-1520-4DAB-ABF1-E1DD7718C46F}.Debug_BETA|ARM.Build.0 = Debug_BETA|Any CPU
		{657D1E95-1520-4DAB-ABF1-E1DD7718C46F}.Debug_BETA|ARM64.ActiveCfg = Debug_BETA|Any CPU
		{657D1E95-1520-4DAB-ABF1-E1DD7718C46F}.Debug_BETA|ARM64.Build.0 = Debug_BETA|Any CPU
		{657D1E95-1520-4DAB-ABF1-E1DD7718C46F}.Debug_BETA|x64.ActiveCfg = Debug_BETA|Any CPU
		{657D1E95-1520-4DAB-ABF1-E1DD7718C46F}.Debug_BETA|x64.Build.0 = Debug_BETA|Any CPU
		{657D1E95-1520-4DAB-ABF1-E1DD7718C46F}.Debug_BETA|x86.ActiveCfg = Debug_BETA|Any CPU
		{657D1E95-1520-4DAB-ABF1-E1DD7718C46F}.Debug_BETA|x86.Build.0 = Debug_BETA|Any CPU
		{657D1E95-1520-4DAB-ABF1-E1DD7718C46F}.Debug|Any CPU.ActiveCfg = Debug|Any CPU
		{657D1E95-1520-4DAB-ABF1-E1DD7718C46F}.Debug|Any CPU.Build.0 = Debug|Any CPU
		{657D1E95-1520-4DAB-ABF1-E1DD7718C46F}.Debug|ARM.ActiveCfg = Debug|Any CPU
		{657D1E95-1520-4DAB-ABF1-E1DD7718C46F}.Debug|ARM.Build.0 = Debug|Any CPU
		{657D1E95-1520-4DAB-ABF1-E1DD7718C46F}.Debug|ARM64.ActiveCfg = Debug|Any CPU
		{657D1E95-1520-4DAB-ABF1-E1DD7718C46F}.Debug|ARM64.Build.0 = Debug|Any CPU
		{657D1E95-1520-4DAB-ABF1-E1DD7718C46F}.Debug|x64.ActiveCfg = Debug|Any CPU
		{657D1E95-1520-4DAB-ABF1-E1DD7718C46F}.Debug|x64.Build.0 = Debug|Any CPU
		{657D1E95-1520-4DAB-ABF1-E1DD7718C46F}.Debug|x86.ActiveCfg = Debug|Any CPU
		{657D1E95-1520-4DAB-ABF1-E1DD7718C46F}.Debug|x86.Build.0 = Debug|Any CPU
		{657D1E95-1520-4DAB-ABF1-E1DD7718C46F}.Release_BETA|Any CPU.ActiveCfg = Release_BETA|Any CPU
		{657D1E95-1520-4DAB-ABF1-E1DD7718C46F}.Release_BETA|Any CPU.Build.0 = Release_BETA|Any CPU
		{657D1E95-1520-4DAB-ABF1-E1DD7718C46F}.Release_BETA|ARM.ActiveCfg = Release_BETA|Any CPU
		{657D1E95-1520-4DAB-ABF1-E1DD7718C46F}.Release_BETA|ARM.Build.0 = Release_BETA|Any CPU
		{657D1E95-1520-4DAB-ABF1-E1DD7718C46F}.Release_BETA|ARM64.ActiveCfg = Release_BETA|Any CPU
		{657D1E95-1520-4DAB-ABF1-E1DD7718C46F}.Release_BETA|ARM64.Build.0 = Release_BETA|Any CPU
		{657D1E95-1520-4DAB-ABF1-E1DD7718C46F}.Release_BETA|x64.ActiveCfg = Release_BETA|Any CPU
		{657D1E95-1520-4DAB-ABF1-E1DD7718C46F}.Release_BETA|x64.Build.0 = Release_BETA|Any CPU
		{657D1E95-1520-4DAB-ABF1-E1DD7718C46F}.Release_BETA|x86.ActiveCfg = Release_BETA|Any CPU
		{657D1E95-1520-4DAB-ABF1-E1DD7718C46F}.Release_BETA|x86.Build.0 = Release_BETA|Any CPU
		{657D1E95-1520-4DAB-ABF1-E1DD7718C46F}.Release|Any CPU.ActiveCfg = Release|Any CPU
		{657D1E95-1520-4DAB-ABF1-E1DD7718C46F}.Release|Any CPU.Build.0 = Release|Any CPU
		{657D1E95-1520-4DAB-ABF1-E1DD7718C46F}.Release|ARM.ActiveCfg = Release|Any CPU
		{657D1E95-1520-4DAB-ABF1-E1DD7718C46F}.Release|ARM.Build.0 = Release|Any CPU
		{657D1E95-1520-4DAB-ABF1-E1DD7718C46F}.Release|ARM64.ActiveCfg = Release|Any CPU
		{657D1E95-1520-4DAB-ABF1-E1DD7718C46F}.Release|ARM64.Build.0 = Release|Any CPU
		{657D1E95-1520-4DAB-ABF1-E1DD7718C46F}.Release|x64.ActiveCfg = Release|Any CPU
		{657D1E95-1520-4DAB-ABF1-E1DD7718C46F}.Release|x64.Build.0 = Release|Any CPU
		{657D1E95-1520-4DAB-ABF1-E1DD7718C46F}.Release|x86.ActiveCfg = Release|Any CPU
		{657D1E95-1520-4DAB-ABF1-E1DD7718C46F}.Release|x86.Build.0 = Release|Any CPU
		{424298E1-C917-4B03-9379-26096134E514}.Debug_BETA|Any CPU.ActiveCfg = Debug_BETA|Any CPU
		{424298E1-C917-4B03-9379-26096134E514}.Debug_BETA|Any CPU.Build.0 = Debug_BETA|Any CPU
		{424298E1-C917-4B03-9379-26096134E514}.Debug_BETA|ARM.ActiveCfg = Debug_BETA|Any CPU
		{424298E1-C917-4B03-9379-26096134E514}.Debug_BETA|ARM.Build.0 = Debug_BETA|Any CPU
		{424298E1-C917-4B03-9379-26096134E514}.Debug_BETA|ARM64.ActiveCfg = Debug_BETA|Any CPU
		{424298E1-C917-4B03-9379-26096134E514}.Debug_BETA|ARM64.Build.0 = Debug_BETA|Any CPU
		{424298E1-C917-4B03-9379-26096134E514}.Debug_BETA|x64.ActiveCfg = Debug_BETA|Any CPU
		{424298E1-C917-4B03-9379-26096134E514}.Debug_BETA|x64.Build.0 = Debug_BETA|Any CPU
		{424298E1-C917-4B03-9379-26096134E514}.Debug_BETA|x86.ActiveCfg = Debug_BETA|Any CPU
		{424298E1-C917-4B03-9379-26096134E514}.Debug_BETA|x86.Build.0 = Debug_BETA|Any CPU
		{424298E1-C917-4B03-9379-26096134E514}.Debug|Any CPU.ActiveCfg = Debug|Any CPU
		{424298E1-C917-4B03-9379-26096134E514}.Debug|Any CPU.Build.0 = Debug|Any CPU
		{424298E1-C917-4B03-9379-26096134E514}.Debug|ARM.ActiveCfg = Debug|Any CPU
		{424298E1-C917-4B03-9379-26096134E514}.Debug|ARM.Build.0 = Debug|Any CPU
		{424298E1-C917-4B03-9379-26096134E514}.Debug|ARM64.ActiveCfg = Debug|Any CPU
		{424298E1-C917-4B03-9379-26096134E514}.Debug|ARM64.Build.0 = Debug|Any CPU
		{424298E1-C917-4B03-9379-26096134E514}.Debug|x64.ActiveCfg = Debug|Any CPU
		{424298E1-C917-4B03-9379-26096134E514}.Debug|x64.Build.0 = Debug|Any CPU
		{424298E1-C917-4B03-9379-26096134E514}.Debug|x86.ActiveCfg = Debug|Any CPU
		{424298E1-C917-4B03-9379-26096134E514}.Debug|x86.Build.0 = Debug|Any CPU
		{424298E1-C917-4B03-9379-26096134E514}.Release_BETA|Any CPU.ActiveCfg = Release_BETA|Any CPU
		{424298E1-C917-4B03-9379-26096134E514}.Release_BETA|Any CPU.Build.0 = Release_BETA|Any CPU
		{424298E1-C917-4B03-9379-26096134E514}.Release_BETA|ARM.ActiveCfg = Release_BETA|Any CPU
		{424298E1-C917-4B03-9379-26096134E514}.Release_BETA|ARM.Build.0 = Release_BETA|Any CPU
		{424298E1-C917-4B03-9379-26096134E514}.Release_BETA|ARM64.ActiveCfg = Release_BETA|Any CPU
		{424298E1-C917-4B03-9379-26096134E514}.Release_BETA|ARM64.Build.0 = Release_BETA|Any CPU
		{424298E1-C917-4B03-9379-26096134E514}.Release_BETA|x64.ActiveCfg = Release_BETA|Any CPU
		{424298E1-C917-4B03-9379-26096134E514}.Release_BETA|x64.Build.0 = Release_BETA|Any CPU
		{424298E1-C917-4B03-9379-26096134E514}.Release_BETA|x86.ActiveCfg = Release_BETA|Any CPU
		{424298E1-C917-4B03-9379-26096134E514}.Release_BETA|x86.Build.0 = Release_BETA|Any CPU
		{424298E1-C917-4B03-9379-26096134E514}.Release|Any CPU.ActiveCfg = Release|Any CPU
		{424298E1-C917-4B03-9379-26096134E514}.Release|Any CPU.Build.0 = Release|Any CPU
		{424298E1-C917-4B03-9379-26096134E514}.Release|ARM.ActiveCfg = Release|Any CPU
		{424298E1-C917-4B03-9379-26096134E514}.Release|ARM.Build.0 = Release|Any CPU
		{424298E1-C917-4B03-9379-26096134E514}.Release|ARM64.ActiveCfg = Release|Any CPU
		{424298E1-C917-4B03-9379-26096134E514}.Release|ARM64.Build.0 = Release|Any CPU
		{424298E1-C917-4B03-9379-26096134E514}.Release|x64.ActiveCfg = Release|Any CPU
		{424298E1-C917-4B03-9379-26096134E514}.Release|x64.Build.0 = Release|Any CPU
		{424298E1-C917-4B03-9379-26096134E514}.Release|x86.ActiveCfg = Release|Any CPU
		{424298E1-C917-4B03-9379-26096134E514}.Release|x86.Build.0 = Release|Any CPU
		{BEEA9C15-90EE-4473-A630-D8E69274C3A0}.Debug_BETA|Any CPU.ActiveCfg = Debug_BETA|Any CPU
		{BEEA9C15-90EE-4473-A630-D8E69274C3A0}.Debug_BETA|Any CPU.Build.0 = Debug_BETA|Any CPU
		{BEEA9C15-90EE-4473-A630-D8E69274C3A0}.Debug_BETA|ARM.ActiveCfg = Debug_BETA|Any CPU
		{BEEA9C15-90EE-4473-A630-D8E69274C3A0}.Debug_BETA|ARM.Build.0 = Debug_BETA|Any CPU
		{BEEA9C15-90EE-4473-A630-D8E69274C3A0}.Debug_BETA|ARM64.ActiveCfg = Debug_BETA|Any CPU
		{BEEA9C15-90EE-4473-A630-D8E69274C3A0}.Debug_BETA|ARM64.Build.0 = Debug_BETA|Any CPU
		{BEEA9C15-90EE-4473-A630-D8E69274C3A0}.Debug_BETA|x64.ActiveCfg = Debug_BETA|Any CPU
		{BEEA9C15-90EE-4473-A630-D8E69274C3A0}.Debug_BETA|x64.Build.0 = Debug_BETA|Any CPU
		{BEEA9C15-90EE-4473-A630-D8E69274C3A0}.Debug_BETA|x86.ActiveCfg = Debug_BETA|Any CPU
		{BEEA9C15-90EE-4473-A630-D8E69274C3A0}.Debug_BETA|x86.Build.0 = Debug_BETA|Any CPU
		{BEEA9C15-90EE-4473-A630-D8E69274C3A0}.Debug|Any CPU.ActiveCfg = Debug|Any CPU
		{BEEA9C15-90EE-4473-A630-D8E69274C3A0}.Debug|Any CPU.Build.0 = Debug|Any CPU
		{BEEA9C15-90EE-4473-A630-D8E69274C3A0}.Debug|ARM.ActiveCfg = Debug|Any CPU
		{BEEA9C15-90EE-4473-A630-D8E69274C3A0}.Debug|ARM.Build.0 = Debug|Any CPU
		{BEEA9C15-90EE-4473-A630-D8E69274C3A0}.Debug|ARM64.ActiveCfg = Debug|Any CPU
		{BEEA9C15-90EE-4473-A630-D8E69274C3A0}.Debug|ARM64.Build.0 = Debug|Any CPU
		{BEEA9C15-90EE-4473-A630-D8E69274C3A0}.Debug|x64.ActiveCfg = Debug|Any CPU
		{BEEA9C15-90EE-4473-A630-D8E69274C3A0}.Debug|x64.Build.0 = Debug|Any CPU
		{BEEA9C15-90EE-4473-A630-D8E69274C3A0}.Debug|x86.ActiveCfg = Debug|Any CPU
		{BEEA9C15-90EE-4473-A630-D8E69274C3A0}.Debug|x86.Build.0 = Debug|Any CPU
		{BEEA9C15-90EE-4473-A630-D8E69274C3A0}.Release_BETA|Any CPU.ActiveCfg = Release_BETA|Any CPU
		{BEEA9C15-90EE-4473-A630-D8E69274C3A0}.Release_BETA|Any CPU.Build.0 = Release_BETA|Any CPU
		{BEEA9C15-90EE-4473-A630-D8E69274C3A0}.Release_BETA|ARM.ActiveCfg = Release_BETA|Any CPU
		{BEEA9C15-90EE-4473-A630-D8E69274C3A0}.Release_BETA|ARM.Build.0 = Release_BETA|Any CPU
		{BEEA9C15-90EE-4473-A630-D8E69274C3A0}.Release_BETA|ARM64.ActiveCfg = Release_BETA|Any CPU
		{BEEA9C15-90EE-4473-A630-D8E69274C3A0}.Release_BETA|ARM64.Build.0 = Release_BETA|Any CPU
		{BEEA9C15-90EE-4473-A630-D8E69274C3A0}.Release_BETA|x64.ActiveCfg = Release_BETA|Any CPU
		{BEEA9C15-90EE-4473-A630-D8E69274C3A0}.Release_BETA|x64.Build.0 = Release_BETA|Any CPU
		{BEEA9C15-90EE-4473-A630-D8E69274C3A0}.Release_BETA|x86.ActiveCfg = Release_BETA|Any CPU
		{BEEA9C15-90EE-4473-A630-D8E69274C3A0}.Release_BETA|x86.Build.0 = Release_BETA|Any CPU
		{BEEA9C15-90EE-4473-A630-D8E69274C3A0}.Release|Any CPU.ActiveCfg = Release|Any CPU
		{BEEA9C15-90EE-4473-A630-D8E69274C3A0}.Release|Any CPU.Build.0 = Release|Any CPU
		{BEEA9C15-90EE-4473-A630-D8E69274C3A0}.Release|ARM.ActiveCfg = Release|Any CPU
		{BEEA9C15-90EE-4473-A630-D8E69274C3A0}.Release|ARM.Build.0 = Release|Any CPU
		{BEEA9C15-90EE-4473-A630-D8E69274C3A0}.Release|ARM64.ActiveCfg = Release|Any CPU
		{BEEA9C15-90EE-4473-A630-D8E69274C3A0}.Release|ARM64.Build.0 = Release|Any CPU
		{BEEA9C15-90EE-4473-A630-D8E69274C3A0}.Release|x64.ActiveCfg = Release|Any CPU
		{BEEA9C15-90EE-4473-A630-D8E69274C3A0}.Release|x64.Build.0 = Release|Any CPU
		{BEEA9C15-90EE-4473-A630-D8E69274C3A0}.Release|x86.ActiveCfg = Release|Any CPU
		{BEEA9C15-90EE-4473-A630-D8E69274C3A0}.Release|x86.Build.0 = Release|Any CPU
		{2599C9EA-7D83-4861-9D63-7C11D3936498}.Debug_BETA|Any CPU.ActiveCfg = Debug_BETA|Any CPU
		{2599C9EA-7D83-4861-9D63-7C11D3936498}.Debug_BETA|Any CPU.Build.0 = Debug_BETA|Any CPU
		{2599C9EA-7D83-4861-9D63-7C11D3936498}.Debug_BETA|ARM.ActiveCfg = Debug_BETA|Any CPU
		{2599C9EA-7D83-4861-9D63-7C11D3936498}.Debug_BETA|ARM.Build.0 = Debug_BETA|Any CPU
		{2599C9EA-7D83-4861-9D63-7C11D3936498}.Debug_BETA|ARM64.ActiveCfg = Debug_BETA|Any CPU
		{2599C9EA-7D83-4861-9D63-7C11D3936498}.Debug_BETA|ARM64.Build.0 = Debug_BETA|Any CPU
		{2599C9EA-7D83-4861-9D63-7C11D3936498}.Debug_BETA|x64.ActiveCfg = Debug_BETA|Any CPU
		{2599C9EA-7D83-4861-9D63-7C11D3936498}.Debug_BETA|x64.Build.0 = Debug_BETA|Any CPU
		{2599C9EA-7D83-4861-9D63-7C11D3936498}.Debug_BETA|x86.ActiveCfg = Debug_BETA|Any CPU
		{2599C9EA-7D83-4861-9D63-7C11D3936498}.Debug_BETA|x86.Build.0 = Debug_BETA|Any CPU
		{2599C9EA-7D83-4861-9D63-7C11D3936498}.Debug|Any CPU.ActiveCfg = Debug|Any CPU
		{2599C9EA-7D83-4861-9D63-7C11D3936498}.Debug|Any CPU.Build.0 = Debug|Any CPU
		{2599C9EA-7D83-4861-9D63-7C11D3936498}.Debug|ARM.ActiveCfg = Debug|Any CPU
		{2599C9EA-7D83-4861-9D63-7C11D3936498}.Debug|ARM.Build.0 = Debug|Any CPU
		{2599C9EA-7D83-4861-9D63-7C11D3936498}.Debug|ARM64.ActiveCfg = Debug|Any CPU
		{2599C9EA-7D83-4861-9D63-7C11D3936498}.Debug|ARM64.Build.0 = Debug|Any CPU
		{2599C9EA-7D83-4861-9D63-7C11D3936498}.Debug|x64.ActiveCfg = Debug|Any CPU
		{2599C9EA-7D83-4861-9D63-7C11D3936498}.Debug|x64.Build.0 = Debug|Any CPU
		{2599C9EA-7D83-4861-9D63-7C11D3936498}.Debug|x86.ActiveCfg = Debug|Any CPU
		{2599C9EA-7D83-4861-9D63-7C11D3936498}.Debug|x86.Build.0 = Debug|Any CPU
		{2599C9EA-7D83-4861-9D63-7C11D3936498}.Release_BETA|Any CPU.ActiveCfg = Release_BETA|Any CPU
		{2599C9EA-7D83-4861-9D63-7C11D3936498}.Release_BETA|Any CPU.Build.0 = Release_BETA|Any CPU
		{2599C9EA-7D83-4861-9D63-7C11D3936498}.Release_BETA|ARM.ActiveCfg = Release_BETA|Any CPU
		{2599C9EA-7D83-4861-9D63-7C11D3936498}.Release_BETA|ARM.Build.0 = Release_BETA|Any CPU
		{2599C9EA-7D83-4861-9D63-7C11D3936498}.Release_BETA|ARM64.ActiveCfg = Release_BETA|Any CPU
		{2599C9EA-7D83-4861-9D63-7C11D3936498}.Release_BETA|ARM64.Build.0 = Release_BETA|Any CPU
		{2599C9EA-7D83-4861-9D63-7C11D3936498}.Release_BETA|x64.ActiveCfg = Release_BETA|Any CPU
		{2599C9EA-7D83-4861-9D63-7C11D3936498}.Release_BETA|x64.Build.0 = Release_BETA|Any CPU
		{2599C9EA-7D83-4861-9D63-7C11D3936498}.Release_BETA|x86.ActiveCfg = Release_BETA|Any CPU
		{2599C9EA-7D83-4861-9D63-7C11D3936498}.Release_BETA|x86.Build.0 = Release_BETA|Any CPU
		{2599C9EA-7D83-4861-9D63-7C11D3936498}.Release|Any CPU.ActiveCfg = Release|Any CPU
		{2599C9EA-7D83-4861-9D63-7C11D3936498}.Release|Any CPU.Build.0 = Release|Any CPU
		{2599C9EA-7D83-4861-9D63-7C11D3936498}.Release|ARM.ActiveCfg = Release|Any CPU
		{2599C9EA-7D83-4861-9D63-7C11D3936498}.Release|ARM.Build.0 = Release|Any CPU
		{2599C9EA-7D83-4861-9D63-7C11D3936498}.Release|ARM64.ActiveCfg = Release|Any CPU
		{2599C9EA-7D83-4861-9D63-7C11D3936498}.Release|ARM64.Build.0 = Release|Any CPU
		{2599C9EA-7D83-4861-9D63-7C11D3936498}.Release|x64.ActiveCfg = Release|Any CPU
		{2599C9EA-7D83-4861-9D63-7C11D3936498}.Release|x64.Build.0 = Release|Any CPU
		{2599C9EA-7D83-4861-9D63-7C11D3936498}.Release|x86.ActiveCfg = Release|Any CPU
		{2599C9EA-7D83-4861-9D63-7C11D3936498}.Release|x86.Build.0 = Release|Any CPU
		{3767D794-4942-425C-8319-B8DEF530AB1C}.Debug_BETA|Any CPU.ActiveCfg = Debug_BETA|Any CPU
		{3767D794-4942-425C-8319-B8DEF530AB1C}.Debug_BETA|Any CPU.Build.0 = Debug_BETA|Any CPU
		{3767D794-4942-425C-8319-B8DEF530AB1C}.Debug_BETA|ARM.ActiveCfg = Debug_BETA|Any CPU
		{3767D794-4942-425C-8319-B8DEF530AB1C}.Debug_BETA|ARM.Build.0 = Debug_BETA|Any CPU
		{3767D794-4942-425C-8319-B8DEF530AB1C}.Debug_BETA|ARM64.ActiveCfg = Debug_BETA|Any CPU
		{3767D794-4942-425C-8319-B8DEF530AB1C}.Debug_BETA|ARM64.Build.0 = Debug_BETA|Any CPU
		{3767D794-4942-425C-8319-B8DEF530AB1C}.Debug_BETA|x64.ActiveCfg = Debug_BETA|Any CPU
		{3767D794-4942-425C-8319-B8DEF530AB1C}.Debug_BETA|x64.Build.0 = Debug_BETA|Any CPU
		{3767D794-4942-425C-8319-B8DEF530AB1C}.Debug_BETA|x86.ActiveCfg = Debug_BETA|Any CPU
		{3767D794-4942-425C-8319-B8DEF530AB1C}.Debug_BETA|x86.Build.0 = Debug_BETA|Any CPU
		{3767D794-4942-425C-8319-B8DEF530AB1C}.Debug|Any CPU.ActiveCfg = Debug|Any CPU
		{3767D794-4942-425C-8319-B8DEF530AB1C}.Debug|Any CPU.Build.0 = Debug|Any CPU
		{3767D794-4942-425C-8319-B8DEF530AB1C}.Debug|ARM.ActiveCfg = Debug|Any CPU
		{3767D794-4942-425C-8319-B8DEF530AB1C}.Debug|ARM.Build.0 = Debug|Any CPU
		{3767D794-4942-425C-8319-B8DEF530AB1C}.Debug|ARM64.ActiveCfg = Debug|Any CPU
		{3767D794-4942-425C-8319-B8DEF530AB1C}.Debug|ARM64.Build.0 = Debug|Any CPU
		{3767D794-4942-425C-8319-B8DEF530AB1C}.Debug|x64.ActiveCfg = Debug|Any CPU
		{3767D794-4942-425C-8319-B8DEF530AB1C}.Debug|x64.Build.0 = Debug|Any CPU
		{3767D794-4942-425C-8319-B8DEF530AB1C}.Debug|x86.ActiveCfg = Debug|Any CPU
		{3767D794-4942-425C-8319-B8DEF530AB1C}.Debug|x86.Build.0 = Debug|Any CPU
		{3767D794-4942-425C-8319-B8DEF530AB1C}.Release_BETA|Any CPU.ActiveCfg = Release_BETA|Any CPU
		{3767D794-4942-425C-8319-B8DEF530AB1C}.Release_BETA|Any CPU.Build.0 = Release_BETA|Any CPU
		{3767D794-4942-425C-8319-B8DEF530AB1C}.Release_BETA|ARM.ActiveCfg = Release_BETA|Any CPU
		{3767D794-4942-425C-8319-B8DEF530AB1C}.Release_BETA|ARM.Build.0 = Release_BETA|Any CPU
		{3767D794-4942-425C-8319-B8DEF530AB1C}.Release_BETA|ARM64.ActiveCfg = Release_BETA|Any CPU
		{3767D794-4942-425C-8319-B8DEF530AB1C}.Release_BETA|ARM64.Build.0 = Release_BETA|Any CPU
		{3767D794-4942-425C-8319-B8DEF530AB1C}.Release_BETA|x64.ActiveCfg = Release_BETA|Any CPU
		{3767D794-4942-425C-8319-B8DEF530AB1C}.Release_BETA|x64.Build.0 = Release_BETA|Any CPU
		{3767D794-4942-425C-8319-B8DEF530AB1C}.Release_BETA|x86.ActiveCfg = Release_BETA|Any CPU
		{3767D794-4942-425C-8319-B8DEF530AB1C}.Release_BETA|x86.Build.0 = Release_BETA|Any CPU
		{3767D794-4942-425C-8319-B8DEF530AB1C}.Release|Any CPU.ActiveCfg = Release|Any CPU
		{3767D794-4942-425C-8319-B8DEF530AB1C}.Release|Any CPU.Build.0 = Release|Any CPU
		{3767D794-4942-425C-8319-B8DEF530AB1C}.Release|ARM.ActiveCfg = Release|Any CPU
		{3767D794-4942-425C-8319-B8DEF530AB1C}.Release|ARM.Build.0 = Release|Any CPU
		{3767D794-4942-425C-8319-B8DEF530AB1C}.Release|ARM64.ActiveCfg = Release|Any CPU
		{3767D794-4942-425C-8319-B8DEF530AB1C}.Release|ARM64.Build.0 = Release|Any CPU
		{3767D794-4942-425C-8319-B8DEF530AB1C}.Release|x64.ActiveCfg = Release|Any CPU
		{3767D794-4942-425C-8319-B8DEF530AB1C}.Release|x64.Build.0 = Release|Any CPU
		{3767D794-4942-425C-8319-B8DEF530AB1C}.Release|x86.ActiveCfg = Release|Any CPU
		{3767D794-4942-425C-8319-B8DEF530AB1C}.Release|x86.Build.0 = Release|Any CPU
		{553F43D1-46E2-4652-8335-D5298F75174F}.Debug_BETA|Any CPU.ActiveCfg = Debug_BETA|Any CPU
		{553F43D1-46E2-4652-8335-D5298F75174F}.Debug_BETA|Any CPU.Build.0 = Debug_BETA|Any CPU
		{553F43D1-46E2-4652-8335-D5298F75174F}.Debug_BETA|ARM.ActiveCfg = Debug_BETA|Any CPU
		{553F43D1-46E2-4652-8335-D5298F75174F}.Debug_BETA|ARM.Build.0 = Debug_BETA|Any CPU
		{553F43D1-46E2-4652-8335-D5298F75174F}.Debug_BETA|ARM64.ActiveCfg = Debug_BETA|Any CPU
		{553F43D1-46E2-4652-8335-D5298F75174F}.Debug_BETA|ARM64.Build.0 = Debug_BETA|Any CPU
		{553F43D1-46E2-4652-8335-D5298F75174F}.Debug_BETA|x64.ActiveCfg = Debug_BETA|Any CPU
		{553F43D1-46E2-4652-8335-D5298F75174F}.Debug_BETA|x64.Build.0 = Debug_BETA|Any CPU
		{553F43D1-46E2-4652-8335-D5298F75174F}.Debug_BETA|x86.ActiveCfg = Debug_BETA|Any CPU
		{553F43D1-46E2-4652-8335-D5298F75174F}.Debug_BETA|x86.Build.0 = Debug_BETA|Any CPU
		{553F43D1-46E2-4652-8335-D5298F75174F}.Debug|Any CPU.ActiveCfg = Debug|Any CPU
		{553F43D1-46E2-4652-8335-D5298F75174F}.Debug|Any CPU.Build.0 = Debug|Any CPU
		{553F43D1-46E2-4652-8335-D5298F75174F}.Debug|ARM.ActiveCfg = Debug|Any CPU
		{553F43D1-46E2-4652-8335-D5298F75174F}.Debug|ARM.Build.0 = Debug|Any CPU
		{553F43D1-46E2-4652-8335-D5298F75174F}.Debug|ARM64.ActiveCfg = Debug|Any CPU
		{553F43D1-46E2-4652-8335-D5298F75174F}.Debug|ARM64.Build.0 = Debug|Any CPU
		{553F43D1-46E2-4652-8335-D5298F75174F}.Debug|x64.ActiveCfg = Debug|Any CPU
		{553F43D1-46E2-4652-8335-D5298F75174F}.Debug|x64.Build.0 = Debug|Any CPU
		{553F43D1-46E2-4652-8335-D5298F75174F}.Debug|x86.ActiveCfg = Debug|Any CPU
		{553F43D1-46E2-4652-8335-D5298F75174F}.Debug|x86.Build.0 = Debug|Any CPU
		{553F43D1-46E2-4652-8335-D5298F75174F}.Release_BETA|Any CPU.ActiveCfg = Release_BETA|Any CPU
		{553F43D1-46E2-4652-8335-D5298F75174F}.Release_BETA|Any CPU.Build.0 = Release_BETA|Any CPU
		{553F43D1-46E2-4652-8335-D5298F75174F}.Release_BETA|ARM.ActiveCfg = Release_BETA|Any CPU
		{553F43D1-46E2-4652-8335-D5298F75174F}.Release_BETA|ARM.Build.0 = Release_BETA|Any CPU
		{553F43D1-46E2-4652-8335-D5298F75174F}.Release_BETA|ARM64.ActiveCfg = Release_BETA|Any CPU
		{553F43D1-46E2-4652-8335-D5298F75174F}.Release_BETA|ARM64.Build.0 = Release_BETA|Any CPU
		{553F43D1-46E2-4652-8335-D5298F75174F}.Release_BETA|x64.ActiveCfg = Release_BETA|Any CPU
		{553F43D1-46E2-4652-8335-D5298F75174F}.Release_BETA|x64.Build.0 = Release_BETA|Any CPU
		{553F43D1-46E2-4652-8335-D5298F75174F}.Release_BETA|x86.ActiveCfg = Release_BETA|Any CPU
		{553F43D1-46E2-4652-8335-D5298F75174F}.Release_BETA|x86.Build.0 = Release_BETA|Any CPU
		{553F43D1-46E2-4652-8335-D5298F75174F}.Release|Any CPU.ActiveCfg = Release|Any CPU
		{553F43D1-46E2-4652-8335-D5298F75174F}.Release|Any CPU.Build.0 = Release|Any CPU
		{553F43D1-46E2-4652-8335-D5298F75174F}.Release|ARM.ActiveCfg = Release|Any CPU
		{553F43D1-46E2-4652-8335-D5298F75174F}.Release|ARM.Build.0 = Release|Any CPU
		{553F43D1-46E2-4652-8335-D5298F75174F}.Release|ARM64.ActiveCfg = Release|Any CPU
		{553F43D1-46E2-4652-8335-D5298F75174F}.Release|ARM64.Build.0 = Release|Any CPU
		{553F43D1-46E2-4652-8335-D5298F75174F}.Release|x64.ActiveCfg = Release|Any CPU
		{553F43D1-46E2-4652-8335-D5298F75174F}.Release|x64.Build.0 = Release|Any CPU
		{553F43D1-46E2-4652-8335-D5298F75174F}.Release|x86.ActiveCfg = Release|Any CPU
		{553F43D1-46E2-4652-8335-D5298F75174F}.Release|x86.Build.0 = Release|Any CPU
		{69F2DC55-9ECA-44BB-B43E-F6B4DEF0EBBF}.Debug_BETA|Any CPU.ActiveCfg = Debug_BETA|Any CPU
		{69F2DC55-9ECA-44BB-B43E-F6B4DEF0EBBF}.Debug_BETA|Any CPU.Build.0 = Debug_BETA|Any CPU
		{69F2DC55-9ECA-44BB-B43E-F6B4DEF0EBBF}.Debug_BETA|ARM.ActiveCfg = Debug_BETA|Any CPU
		{69F2DC55-9ECA-44BB-B43E-F6B4DEF0EBBF}.Debug_BETA|ARM.Build.0 = Debug_BETA|Any CPU
		{69F2DC55-9ECA-44BB-B43E-F6B4DEF0EBBF}.Debug_BETA|ARM64.ActiveCfg = Debug_BETA|Any CPU
		{69F2DC55-9ECA-44BB-B43E-F6B4DEF0EBBF}.Debug_BETA|ARM64.Build.0 = Debug_BETA|Any CPU
		{69F2DC55-9ECA-44BB-B43E-F6B4DEF0EBBF}.Debug_BETA|x64.ActiveCfg = Debug_BETA|Any CPU
		{69F2DC55-9ECA-44BB-B43E-F6B4DEF0EBBF}.Debug_BETA|x64.Build.0 = Debug_BETA|Any CPU
		{69F2DC55-9ECA-44BB-B43E-F6B4DEF0EBBF}.Debug_BETA|x86.ActiveCfg = Debug_BETA|Any CPU
		{69F2DC55-9ECA-44BB-B43E-F6B4DEF0EBBF}.Debug_BETA|x86.Build.0 = Debug_BETA|Any CPU
		{69F2DC55-9ECA-44BB-B43E-F6B4DEF0EBBF}.Debug|Any CPU.ActiveCfg = Debug|Any CPU
		{69F2DC55-9ECA-44BB-B43E-F6B4DEF0EBBF}.Debug|Any CPU.Build.0 = Debug|Any CPU
		{69F2DC55-9ECA-44BB-B43E-F6B4DEF0EBBF}.Debug|ARM.ActiveCfg = Debug|Any CPU
		{69F2DC55-9ECA-44BB-B43E-F6B4DEF0EBBF}.Debug|ARM.Build.0 = Debug|Any CPU
		{69F2DC55-9ECA-44BB-B43E-F6B4DEF0EBBF}.Debug|ARM64.ActiveCfg = Debug|Any CPU
		{69F2DC55-9ECA-44BB-B43E-F6B4DEF0EBBF}.Debug|ARM64.Build.0 = Debug|Any CPU
		{69F2DC55-9ECA-44BB-B43E-F6B4DEF0EBBF}.Debug|x64.ActiveCfg = Debug|Any CPU
		{69F2DC55-9ECA-44BB-B43E-F6B4DEF0EBBF}.Debug|x64.Build.0 = Debug|Any CPU
		{69F2DC55-9ECA-44BB-B43E-F6B4DEF0EBBF}.Debug|x86.ActiveCfg = Debug|Any CPU
		{69F2DC55-9ECA-44BB-B43E-F6B4DEF0EBBF}.Debug|x86.Build.0 = Debug|Any CPU
		{69F2DC55-9ECA-44BB-B43E-F6B4DEF0EBBF}.Release_BETA|Any CPU.ActiveCfg = Release_BETA|Any CPU
		{69F2DC55-9ECA-44BB-B43E-F6B4DEF0EBBF}.Release_BETA|Any CPU.Build.0 = Release_BETA|Any CPU
		{69F2DC55-9ECA-44BB-B43E-F6B4DEF0EBBF}.Release_BETA|ARM.ActiveCfg = Release_BETA|Any CPU
		{69F2DC55-9ECA-44BB-B43E-F6B4DEF0EBBF}.Release_BETA|ARM.Build.0 = Release_BETA|Any CPU
		{69F2DC55-9ECA-44BB-B43E-F6B4DEF0EBBF}.Release_BETA|ARM64.ActiveCfg = Release_BETA|Any CPU
		{69F2DC55-9ECA-44BB-B43E-F6B4DEF0EBBF}.Release_BETA|ARM64.Build.0 = Release_BETA|Any CPU
		{69F2DC55-9ECA-44BB-B43E-F6B4DEF0EBBF}.Release_BETA|x64.ActiveCfg = Release_BETA|Any CPU
		{69F2DC55-9ECA-44BB-B43E-F6B4DEF0EBBF}.Release_BETA|x64.Build.0 = Release_BETA|Any CPU
		{69F2DC55-9ECA-44BB-B43E-F6B4DEF0EBBF}.Release_BETA|x86.ActiveCfg = Release_BETA|Any CPU
		{69F2DC55-9ECA-44BB-B43E-F6B4DEF0EBBF}.Release_BETA|x86.Build.0 = Release_BETA|Any CPU
		{69F2DC55-9ECA-44BB-B43E-F6B4DEF0EBBF}.Release|Any CPU.ActiveCfg = Release|Any CPU
		{69F2DC55-9ECA-44BB-B43E-F6B4DEF0EBBF}.Release|Any CPU.Build.0 = Release|Any CPU
		{69F2DC55-9ECA-44BB-B43E-F6B4DEF0EBBF}.Release|ARM.ActiveCfg = Release|Any CPU
		{69F2DC55-9ECA-44BB-B43E-F6B4DEF0EBBF}.Release|ARM.Build.0 = Release|Any CPU
		{69F2DC55-9ECA-44BB-B43E-F6B4DEF0EBBF}.Release|ARM64.ActiveCfg = Release|Any CPU
		{69F2DC55-9ECA-44BB-B43E-F6B4DEF0EBBF}.Release|ARM64.Build.0 = Release|Any CPU
		{69F2DC55-9ECA-44BB-B43E-F6B4DEF0EBBF}.Release|x64.ActiveCfg = Release|Any CPU
		{69F2DC55-9ECA-44BB-B43E-F6B4DEF0EBBF}.Release|x64.Build.0 = Release|Any CPU
		{69F2DC55-9ECA-44BB-B43E-F6B4DEF0EBBF}.Release|x86.ActiveCfg = Release|Any CPU
		{69F2DC55-9ECA-44BB-B43E-F6B4DEF0EBBF}.Release|x86.Build.0 = Release|Any CPU
		{79B5D537-B511-4294-87E9-E73B3415AD0F}.Debug_BETA|Any CPU.ActiveCfg = Debug_BETA|Any CPU
		{79B5D537-B511-4294-87E9-E73B3415AD0F}.Debug_BETA|Any CPU.Build.0 = Debug_BETA|Any CPU
		{79B5D537-B511-4294-87E9-E73B3415AD0F}.Debug_BETA|ARM.ActiveCfg = Debug_BETA|Any CPU
		{79B5D537-B511-4294-87E9-E73B3415AD0F}.Debug_BETA|ARM.Build.0 = Debug_BETA|Any CPU
		{79B5D537-B511-4294-87E9-E73B3415AD0F}.Debug_BETA|ARM64.ActiveCfg = Debug_BETA|Any CPU
		{79B5D537-B511-4294-87E9-E73B3415AD0F}.Debug_BETA|ARM64.Build.0 = Debug_BETA|Any CPU
		{79B5D537-B511-4294-87E9-E73B3415AD0F}.Debug_BETA|x64.ActiveCfg = Debug_BETA|Any CPU
		{79B5D537-B511-4294-87E9-E73B3415AD0F}.Debug_BETA|x64.Build.0 = Debug_BETA|Any CPU
		{79B5D537-B511-4294-87E9-E73B3415AD0F}.Debug_BETA|x86.ActiveCfg = Debug_BETA|Any CPU
		{79B5D537-B511-4294-87E9-E73B3415AD0F}.Debug_BETA|x86.Build.0 = Debug_BETA|Any CPU
		{79B5D537-B511-4294-87E9-E73B3415AD0F}.Debug|Any CPU.ActiveCfg = Debug|Any CPU
		{79B5D537-B511-4294-87E9-E73B3415AD0F}.Debug|Any CPU.Build.0 = Debug|Any CPU
		{79B5D537-B511-4294-87E9-E73B3415AD0F}.Debug|ARM.ActiveCfg = Debug|Any CPU
		{79B5D537-B511-4294-87E9-E73B3415AD0F}.Debug|ARM.Build.0 = Debug|Any CPU
		{79B5D537-B511-4294-87E9-E73B3415AD0F}.Debug|ARM64.ActiveCfg = Debug|Any CPU
		{79B5D537-B511-4294-87E9-E73B3415AD0F}.Debug|ARM64.Build.0 = Debug|Any CPU
		{79B5D537-B511-4294-87E9-E73B3415AD0F}.Debug|x64.ActiveCfg = Debug|Any CPU
		{79B5D537-B511-4294-87E9-E73B3415AD0F}.Debug|x64.Build.0 = Debug|Any CPU
		{79B5D537-B511-4294-87E9-E73B3415AD0F}.Debug|x86.ActiveCfg = Debug|Any CPU
		{79B5D537-B511-4294-87E9-E73B3415AD0F}.Debug|x86.Build.0 = Debug|Any CPU
		{79B5D537-B511-4294-87E9-E73B3415AD0F}.Release_BETA|Any CPU.ActiveCfg = Release_BETA|Any CPU
		{79B5D537-B511-4294-87E9-E73B3415AD0F}.Release_BETA|Any CPU.Build.0 = Release_BETA|Any CPU
		{79B5D537-B511-4294-87E9-E73B3415AD0F}.Release_BETA|ARM.ActiveCfg = Release_BETA|Any CPU
		{79B5D537-B511-4294-87E9-E73B3415AD0F}.Release_BETA|ARM.Build.0 = Release_BETA|Any CPU
		{79B5D537-B511-4294-87E9-E73B3415AD0F}.Release_BETA|ARM64.ActiveCfg = Release_BETA|Any CPU
		{79B5D537-B511-4294-87E9-E73B3415AD0F}.Release_BETA|ARM64.Build.0 = Release_BETA|Any CPU
		{79B5D537-B511-4294-87E9-E73B3415AD0F}.Release_BETA|x64.ActiveCfg = Release_BETA|Any CPU
		{79B5D537-B511-4294-87E9-E73B3415AD0F}.Release_BETA|x64.Build.0 = Release_BETA|Any CPU
		{79B5D537-B511-4294-87E9-E73B3415AD0F}.Release_BETA|x86.ActiveCfg = Release_BETA|Any CPU
		{79B5D537-B511-4294-87E9-E73B3415AD0F}.Release_BETA|x86.Build.0 = Release_BETA|Any CPU
		{79B5D537-B511-4294-87E9-E73B3415AD0F}.Release|Any CPU.ActiveCfg = Release|Any CPU
		{79B5D537-B511-4294-87E9-E73B3415AD0F}.Release|Any CPU.Build.0 = Release|Any CPU
		{79B5D537-B511-4294-87E9-E73B3415AD0F}.Release|ARM.ActiveCfg = Release|Any CPU
		{79B5D537-B511-4294-87E9-E73B3415AD0F}.Release|ARM.Build.0 = Release|Any CPU
		{79B5D537-B511-4294-87E9-E73B3415AD0F}.Release|ARM64.ActiveCfg = Release|Any CPU
		{79B5D537-B511-4294-87E9-E73B3415AD0F}.Release|ARM64.Build.0 = Release|Any CPU
		{79B5D537-B511-4294-87E9-E73B3415AD0F}.Release|x64.ActiveCfg = Release|Any CPU
		{79B5D537-B511-4294-87E9-E73B3415AD0F}.Release|x64.Build.0 = Release|Any CPU
		{79B5D537-B511-4294-87E9-E73B3415AD0F}.Release|x86.ActiveCfg = Release|Any CPU
		{79B5D537-B511-4294-87E9-E73B3415AD0F}.Release|x86.Build.0 = Release|Any CPU
		{59ECC7D4-354C-4B81-B387-E7358BDD9BC4}.Debug_BETA|Any CPU.ActiveCfg = Debug_BETA|Any CPU
		{59ECC7D4-354C-4B81-B387-E7358BDD9BC4}.Debug_BETA|Any CPU.Build.0 = Debug_BETA|Any CPU
		{59ECC7D4-354C-4B81-B387-E7358BDD9BC4}.Debug_BETA|ARM.ActiveCfg = Debug_BETA|Any CPU
		{59ECC7D4-354C-4B81-B387-E7358BDD9BC4}.Debug_BETA|ARM.Build.0 = Debug_BETA|Any CPU
		{59ECC7D4-354C-4B81-B387-E7358BDD9BC4}.Debug_BETA|ARM64.ActiveCfg = Debug_BETA|Any CPU
		{59ECC7D4-354C-4B81-B387-E7358BDD9BC4}.Debug_BETA|ARM64.Build.0 = Debug_BETA|Any CPU
		{59ECC7D4-354C-4B81-B387-E7358BDD9BC4}.Debug_BETA|x64.ActiveCfg = Debug_BETA|Any CPU
		{59ECC7D4-354C-4B81-B387-E7358BDD9BC4}.Debug_BETA|x64.Build.0 = Debug_BETA|Any CPU
		{59ECC7D4-354C-4B81-B387-E7358BDD9BC4}.Debug_BETA|x86.ActiveCfg = Debug_BETA|Any CPU
		{59ECC7D4-354C-4B81-B387-E7358BDD9BC4}.Debug_BETA|x86.Build.0 = Debug_BETA|Any CPU
		{59ECC7D4-354C-4B81-B387-E7358BDD9BC4}.Debug|Any CPU.ActiveCfg = Debug|Any CPU
		{59ECC7D4-354C-4B81-B387-E7358BDD9BC4}.Debug|Any CPU.Build.0 = Debug|Any CPU
		{59ECC7D4-354C-4B81-B387-E7358BDD9BC4}.Debug|ARM.ActiveCfg = Debug|Any CPU
		{59ECC7D4-354C-4B81-B387-E7358BDD9BC4}.Debug|ARM.Build.0 = Debug|Any CPU
		{59ECC7D4-354C-4B81-B387-E7358BDD9BC4}.Debug|ARM64.ActiveCfg = Debug|Any CPU
		{59ECC7D4-354C-4B81-B387-E7358BDD9BC4}.Debug|ARM64.Build.0 = Debug|Any CPU
		{59ECC7D4-354C-4B81-B387-E7358BDD9BC4}.Debug|x64.ActiveCfg = Debug|Any CPU
		{59ECC7D4-354C-4B81-B387-E7358BDD9BC4}.Debug|x64.Build.0 = Debug|Any CPU
		{59ECC7D4-354C-4B81-B387-E7358BDD9BC4}.Debug|x86.ActiveCfg = Debug|Any CPU
		{59ECC7D4-354C-4B81-B387-E7358BDD9BC4}.Debug|x86.Build.0 = Debug|Any CPU
		{59ECC7D4-354C-4B81-B387-E7358BDD9BC4}.Release_BETA|Any CPU.ActiveCfg = Release_BETA|Any CPU
		{59ECC7D4-354C-4B81-B387-E7358BDD9BC4}.Release_BETA|Any CPU.Build.0 = Release_BETA|Any CPU
		{59ECC7D4-354C-4B81-B387-E7358BDD9BC4}.Release_BETA|ARM.ActiveCfg = Release_BETA|Any CPU
		{59ECC7D4-354C-4B81-B387-E7358BDD9BC4}.Release_BETA|ARM.Build.0 = Release_BETA|Any CPU
		{59ECC7D4-354C-4B81-B387-E7358BDD9BC4}.Release_BETA|ARM64.ActiveCfg = Release_BETA|Any CPU
		{59ECC7D4-354C-4B81-B387-E7358BDD9BC4}.Release_BETA|ARM64.Build.0 = Release_BETA|Any CPU
		{59ECC7D4-354C-4B81-B387-E7358BDD9BC4}.Release_BETA|x64.ActiveCfg = Release_BETA|Any CPU
		{59ECC7D4-354C-4B81-B387-E7358BDD9BC4}.Release_BETA|x64.Build.0 = Release_BETA|Any CPU
		{59ECC7D4-354C-4B81-B387-E7358BDD9BC4}.Release_BETA|x86.ActiveCfg = Release_BETA|Any CPU
		{59ECC7D4-354C-4B81-B387-E7358BDD9BC4}.Release_BETA|x86.Build.0 = Release_BETA|Any CPU
		{59ECC7D4-354C-4B81-B387-E7358BDD9BC4}.Release|Any CPU.ActiveCfg = Release|Any CPU
		{59ECC7D4-354C-4B81-B387-E7358BDD9BC4}.Release|Any CPU.Build.0 = Release|Any CPU
		{59ECC7D4-354C-4B81-B387-E7358BDD9BC4}.Release|ARM.ActiveCfg = Release|Any CPU
		{59ECC7D4-354C-4B81-B387-E7358BDD9BC4}.Release|ARM.Build.0 = Release|Any CPU
		{59ECC7D4-354C-4B81-B387-E7358BDD9BC4}.Release|ARM64.ActiveCfg = Release|Any CPU
		{59ECC7D4-354C-4B81-B387-E7358BDD9BC4}.Release|ARM64.Build.0 = Release|Any CPU
		{59ECC7D4-354C-4B81-B387-E7358BDD9BC4}.Release|x64.ActiveCfg = Release|Any CPU
		{59ECC7D4-354C-4B81-B387-E7358BDD9BC4}.Release|x64.Build.0 = Release|Any CPU
		{59ECC7D4-354C-4B81-B387-E7358BDD9BC4}.Release|x86.ActiveCfg = Release|Any CPU
		{59ECC7D4-354C-4B81-B387-E7358BDD9BC4}.Release|x86.Build.0 = Release|Any CPU
		{778715F2-DADA-499A-9540-D1AB6BCA37E1}.Debug_BETA|Any CPU.ActiveCfg = Debug_BETA|Any CPU
		{778715F2-DADA-499A-9540-D1AB6BCA37E1}.Debug_BETA|Any CPU.Build.0 = Debug_BETA|Any CPU
		{778715F2-DADA-499A-9540-D1AB6BCA37E1}.Debug_BETA|ARM.ActiveCfg = Debug_BETA|Any CPU
		{778715F2-DADA-499A-9540-D1AB6BCA37E1}.Debug_BETA|ARM.Build.0 = Debug_BETA|Any CPU
		{778715F2-DADA-499A-9540-D1AB6BCA37E1}.Debug_BETA|ARM64.ActiveCfg = Debug_BETA|Any CPU
		{778715F2-DADA-499A-9540-D1AB6BCA37E1}.Debug_BETA|ARM64.Build.0 = Debug_BETA|Any CPU
		{778715F2-DADA-499A-9540-D1AB6BCA37E1}.Debug_BETA|x64.ActiveCfg = Debug_BETA|Any CPU
		{778715F2-DADA-499A-9540-D1AB6BCA37E1}.Debug_BETA|x64.Build.0 = Debug_BETA|Any CPU
		{778715F2-DADA-499A-9540-D1AB6BCA37E1}.Debug_BETA|x86.ActiveCfg = Debug_BETA|Any CPU
		{778715F2-DADA-499A-9540-D1AB6BCA37E1}.Debug_BETA|x86.Build.0 = Debug_BETA|Any CPU
		{778715F2-DADA-499A-9540-D1AB6BCA37E1}.Debug|Any CPU.ActiveCfg = Debug|Any CPU
		{778715F2-DADA-499A-9540-D1AB6BCA37E1}.Debug|Any CPU.Build.0 = Debug|Any CPU
		{778715F2-DADA-499A-9540-D1AB6BCA37E1}.Debug|ARM.ActiveCfg = Debug|Any CPU
		{778715F2-DADA-499A-9540-D1AB6BCA37E1}.Debug|ARM.Build.0 = Debug|Any CPU
		{778715F2-DADA-499A-9540-D1AB6BCA37E1}.Debug|ARM64.ActiveCfg = Debug|Any CPU
		{778715F2-DADA-499A-9540-D1AB6BCA37E1}.Debug|ARM64.Build.0 = Debug|Any CPU
		{778715F2-DADA-499A-9540-D1AB6BCA37E1}.Debug|x64.ActiveCfg = Debug|Any CPU
		{778715F2-DADA-499A-9540-D1AB6BCA37E1}.Debug|x64.Build.0 = Debug|Any CPU
		{778715F2-DADA-499A-9540-D1AB6BCA37E1}.Debug|x86.ActiveCfg = Debug|Any CPU
		{778715F2-DADA-499A-9540-D1AB6BCA37E1}.Debug|x86.Build.0 = Debug|Any CPU
		{778715F2-DADA-499A-9540-D1AB6BCA37E1}.Release_BETA|Any CPU.ActiveCfg = Release_BETA|Any CPU
		{778715F2-DADA-499A-9540-D1AB6BCA37E1}.Release_BETA|Any CPU.Build.0 = Release_BETA|Any CPU
		{778715F2-DADA-499A-9540-D1AB6BCA37E1}.Release_BETA|ARM.ActiveCfg = Release_BETA|Any CPU
		{778715F2-DADA-499A-9540-D1AB6BCA37E1}.Release_BETA|ARM.Build.0 = Release_BETA|Any CPU
		{778715F2-DADA-499A-9540-D1AB6BCA37E1}.Release_BETA|ARM64.ActiveCfg = Release_BETA|Any CPU
		{778715F2-DADA-499A-9540-D1AB6BCA37E1}.Release_BETA|ARM64.Build.0 = Release_BETA|Any CPU
		{778715F2-DADA-499A-9540-D1AB6BCA37E1}.Release_BETA|x64.ActiveCfg = Release_BETA|Any CPU
		{778715F2-DADA-499A-9540-D1AB6BCA37E1}.Release_BETA|x64.Build.0 = Release_BETA|Any CPU
		{778715F2-DADA-499A-9540-D1AB6BCA37E1}.Release_BETA|x86.ActiveCfg = Release_BETA|Any CPU
		{778715F2-DADA-499A-9540-D1AB6BCA37E1}.Release_BETA|x86.Build.0 = Release_BETA|Any CPU
		{778715F2-DADA-499A-9540-D1AB6BCA37E1}.Release|Any CPU.ActiveCfg = Release|Any CPU
		{778715F2-DADA-499A-9540-D1AB6BCA37E1}.Release|Any CPU.Build.0 = Release|Any CPU
		{778715F2-DADA-499A-9540-D1AB6BCA37E1}.Release|ARM.ActiveCfg = Release|Any CPU
		{778715F2-DADA-499A-9540-D1AB6BCA37E1}.Release|ARM.Build.0 = Release|Any CPU
		{778715F2-DADA-499A-9540-D1AB6BCA37E1}.Release|ARM64.ActiveCfg = Release|Any CPU
		{778715F2-DADA-499A-9540-D1AB6BCA37E1}.Release|ARM64.Build.0 = Release|Any CPU
		{778715F2-DADA-499A-9540-D1AB6BCA37E1}.Release|x64.ActiveCfg = Release|Any CPU
		{778715F2-DADA-499A-9540-D1AB6BCA37E1}.Release|x64.Build.0 = Release|Any CPU
		{778715F2-DADA-499A-9540-D1AB6BCA37E1}.Release|x86.ActiveCfg = Release|Any CPU
		{778715F2-DADA-499A-9540-D1AB6BCA37E1}.Release|x86.Build.0 = Release|Any CPU
		{90912DE8-7F9B-4FD7-863B-95FCBE599982}.Debug_BETA|Any CPU.ActiveCfg = Debug_BETA|x86
		{90912DE8-7F9B-4FD7-863B-95FCBE599982}.Debug_BETA|ARM.ActiveCfg = Debug_BETA|ARM
		{90912DE8-7F9B-4FD7-863B-95FCBE599982}.Debug_BETA|ARM.Build.0 = Debug_BETA|ARM
		{90912DE8-7F9B-4FD7-863B-95FCBE599982}.Debug_BETA|ARM64.ActiveCfg = Debug_BETA|ARM64
		{90912DE8-7F9B-4FD7-863B-95FCBE599982}.Debug_BETA|ARM64.Build.0 = Debug_BETA|ARM64
		{90912DE8-7F9B-4FD7-863B-95FCBE599982}.Debug_BETA|x64.ActiveCfg = Debug_BETA|x64
		{90912DE8-7F9B-4FD7-863B-95FCBE599982}.Debug_BETA|x64.Build.0 = Debug_BETA|x64
		{90912DE8-7F9B-4FD7-863B-95FCBE599982}.Debug_BETA|x86.ActiveCfg = Debug_BETA|x86
		{90912DE8-7F9B-4FD7-863B-95FCBE599982}.Debug_BETA|x86.Build.0 = Debug_BETA|x86
		{90912DE8-7F9B-4FD7-863B-95FCBE599982}.Debug|Any CPU.ActiveCfg = Debug|x86
		{90912DE8-7F9B-4FD7-863B-95FCBE599982}.Debug|ARM.ActiveCfg = Debug|ARM
		{90912DE8-7F9B-4FD7-863B-95FCBE599982}.Debug|ARM.Build.0 = Debug|ARM
		{90912DE8-7F9B-4FD7-863B-95FCBE599982}.Debug|ARM64.ActiveCfg = Debug|ARM64
		{90912DE8-7F9B-4FD7-863B-95FCBE599982}.Debug|ARM64.Build.0 = Debug|ARM64
		{90912DE8-7F9B-4FD7-863B-95FCBE599982}.Debug|x64.ActiveCfg = Debug|x64
		{90912DE8-7F9B-4FD7-863B-95FCBE599982}.Debug|x64.Build.0 = Debug|x64
		{90912DE8-7F9B-4FD7-863B-95FCBE599982}.Debug|x86.ActiveCfg = Debug|x86
		{90912DE8-7F9B-4FD7-863B-95FCBE599982}.Debug|x86.Build.0 = Debug|x86
		{90912DE8-7F9B-4FD7-863B-95FCBE599982}.Release_BETA|Any CPU.ActiveCfg = Release_BETA|x86
		{90912DE8-7F9B-4FD7-863B-95FCBE599982}.Release_BETA|ARM.ActiveCfg = Release_BETA|ARM
		{90912DE8-7F9B-4FD7-863B-95FCBE599982}.Release_BETA|ARM.Build.0 = Release_BETA|ARM
		{90912DE8-7F9B-4FD7-863B-95FCBE599982}.Release_BETA|ARM64.ActiveCfg = Release_BETA|ARM64
		{90912DE8-7F9B-4FD7-863B-95FCBE599982}.Release_BETA|ARM64.Build.0 = Release_BETA|ARM64
		{90912DE8-7F9B-4FD7-863B-95FCBE599982}.Release_BETA|x64.ActiveCfg = Release_BETA|x64
		{90912DE8-7F9B-4FD7-863B-95FCBE599982}.Release_BETA|x64.Build.0 = Release_BETA|x64
		{90912DE8-7F9B-4FD7-863B-95FCBE599982}.Release_BETA|x86.ActiveCfg = Release_BETA|x86
		{90912DE8-7F9B-4FD7-863B-95FCBE599982}.Release_BETA|x86.Build.0 = Release_BETA|x86
		{90912DE8-7F9B-4FD7-863B-95FCBE599982}.Release|Any CPU.ActiveCfg = Release|x86
		{90912DE8-7F9B-4FD7-863B-95FCBE599982}.Release|ARM.ActiveCfg = Release|ARM
		{90912DE8-7F9B-4FD7-863B-95FCBE599982}.Release|ARM.Build.0 = Release|ARM
		{90912DE8-7F9B-4FD7-863B-95FCBE599982}.Release|ARM64.ActiveCfg = Release|ARM64
		{90912DE8-7F9B-4FD7-863B-95FCBE599982}.Release|ARM64.Build.0 = Release|ARM64
		{90912DE8-7F9B-4FD7-863B-95FCBE599982}.Release|x64.ActiveCfg = Release|x64
		{90912DE8-7F9B-4FD7-863B-95FCBE599982}.Release|x64.Build.0 = Release|x64
		{90912DE8-7F9B-4FD7-863B-95FCBE599982}.Release|x86.ActiveCfg = Release|x86
		{90912DE8-7F9B-4FD7-863B-95FCBE599982}.Release|x86.Build.0 = Release|x86
		{CDBCCF2B-BD53-45FB-BF5C-EF57ABE31A98}.Debug_BETA|Any CPU.ActiveCfg = Debug_BETA|x86
		{CDBCCF2B-BD53-45FB-BF5C-EF57ABE31A98}.Debug_BETA|ARM.ActiveCfg = Debug_BETA|ARM
		{CDBCCF2B-BD53-45FB-BF5C-EF57ABE31A98}.Debug_BETA|ARM.Build.0 = Debug_BETA|ARM
		{CDBCCF2B-BD53-45FB-BF5C-EF57ABE31A98}.Debug_BETA|ARM64.ActiveCfg = Debug_BETA|ARM64
		{CDBCCF2B-BD53-45FB-BF5C-EF57ABE31A98}.Debug_BETA|ARM64.Build.0 = Debug_BETA|ARM64
		{CDBCCF2B-BD53-45FB-BF5C-EF57ABE31A98}.Debug_BETA|x64.ActiveCfg = Debug_BETA|x64
		{CDBCCF2B-BD53-45FB-BF5C-EF57ABE31A98}.Debug_BETA|x64.Build.0 = Debug_BETA|x64
		{CDBCCF2B-BD53-45FB-BF5C-EF57ABE31A98}.Debug_BETA|x86.ActiveCfg = Debug_BETA|x86
		{CDBCCF2B-BD53-45FB-BF5C-EF57ABE31A98}.Debug_BETA|x86.Build.0 = Debug_BETA|x86
		{CDBCCF2B-BD53-45FB-BF5C-EF57ABE31A98}.Debug|Any CPU.ActiveCfg = Debug|x86
		{CDBCCF2B-BD53-45FB-BF5C-EF57ABE31A98}.Debug|ARM.ActiveCfg = Debug|ARM
		{CDBCCF2B-BD53-45FB-BF5C-EF57ABE31A98}.Debug|ARM.Build.0 = Debug|ARM
		{CDBCCF2B-BD53-45FB-BF5C-EF57ABE31A98}.Debug|ARM64.ActiveCfg = Debug|ARM64
		{CDBCCF2B-BD53-45FB-BF5C-EF57ABE31A98}.Debug|ARM64.Build.0 = Debug|ARM64
		{CDBCCF2B-BD53-45FB-BF5C-EF57ABE31A98}.Debug|x64.ActiveCfg = Debug|x64
		{CDBCCF2B-BD53-45FB-BF5C-EF57ABE31A98}.Debug|x64.Build.0 = Debug|x64
		{CDBCCF2B-BD53-45FB-BF5C-EF57ABE31A98}.Debug|x86.ActiveCfg = Debug|x86
		{CDBCCF2B-BD53-45FB-BF5C-EF57ABE31A98}.Debug|x86.Build.0 = Debug|x86
		{CDBCCF2B-BD53-45FB-BF5C-EF57ABE31A98}.Release_BETA|Any CPU.ActiveCfg = Release_BETA|x86
		{CDBCCF2B-BD53-45FB-BF5C-EF57ABE31A98}.Release_BETA|ARM.ActiveCfg = Release_BETA|ARM
		{CDBCCF2B-BD53-45FB-BF5C-EF57ABE31A98}.Release_BETA|ARM.Build.0 = Release_BETA|ARM
		{CDBCCF2B-BD53-45FB-BF5C-EF57ABE31A98}.Release_BETA|ARM64.ActiveCfg = Release_BETA|ARM64
		{CDBCCF2B-BD53-45FB-BF5C-EF57ABE31A98}.Release_BETA|ARM64.Build.0 = Release_BETA|ARM64
		{CDBCCF2B-BD53-45FB-BF5C-EF57ABE31A98}.Release_BETA|x64.ActiveCfg = Release_BETA|x64
		{CDBCCF2B-BD53-45FB-BF5C-EF57ABE31A98}.Release_BETA|x64.Build.0 = Release_BETA|x64
		{CDBCCF2B-BD53-45FB-BF5C-EF57ABE31A98}.Release_BETA|x86.ActiveCfg = Release_BETA|x86
		{CDBCCF2B-BD53-45FB-BF5C-EF57ABE31A98}.Release_BETA|x86.Build.0 = Release_BETA|x86
		{CDBCCF2B-BD53-45FB-BF5C-EF57ABE31A98}.Release|Any CPU.ActiveCfg = Release|x86
		{CDBCCF2B-BD53-45FB-BF5C-EF57ABE31A98}.Release|ARM.ActiveCfg = Release|ARM
		{CDBCCF2B-BD53-45FB-BF5C-EF57ABE31A98}.Release|ARM.Build.0 = Release|ARM
		{CDBCCF2B-BD53-45FB-BF5C-EF57ABE31A98}.Release|ARM64.ActiveCfg = Release|ARM64
		{CDBCCF2B-BD53-45FB-BF5C-EF57ABE31A98}.Release|ARM64.Build.0 = Release|ARM64
		{CDBCCF2B-BD53-45FB-BF5C-EF57ABE31A98}.Release|x64.ActiveCfg = Release|x64
		{CDBCCF2B-BD53-45FB-BF5C-EF57ABE31A98}.Release|x64.Build.0 = Release|x64
		{CDBCCF2B-BD53-45FB-BF5C-EF57ABE31A98}.Release|x86.ActiveCfg = Release|x86
		{CDBCCF2B-BD53-45FB-BF5C-EF57ABE31A98}.Release|x86.Build.0 = Release|x86
		{B09E2619-1886-40C4-8A8B-22E46B61C716}.Debug_BETA|Any CPU.ActiveCfg = Debug_BETA|x86
		{B09E2619-1886-40C4-8A8B-22E46B61C716}.Debug_BETA|ARM.ActiveCfg = Debug_BETA|ARM
		{B09E2619-1886-40C4-8A8B-22E46B61C716}.Debug_BETA|ARM.Build.0 = Debug_BETA|ARM
		{B09E2619-1886-40C4-8A8B-22E46B61C716}.Debug_BETA|ARM.Deploy.0 = Debug_BETA|ARM
		{B09E2619-1886-40C4-8A8B-22E46B61C716}.Debug_BETA|ARM64.ActiveCfg = Debug_BETA|ARM64
		{B09E2619-1886-40C4-8A8B-22E46B61C716}.Debug_BETA|ARM64.Build.0 = Debug_BETA|ARM64
		{B09E2619-1886-40C4-8A8B-22E46B61C716}.Debug_BETA|ARM64.Deploy.0 = Debug_BETA|ARM64
		{B09E2619-1886-40C4-8A8B-22E46B61C716}.Debug_BETA|x64.ActiveCfg = Debug_BETA|x64
		{B09E2619-1886-40C4-8A8B-22E46B61C716}.Debug_BETA|x64.Build.0 = Debug_BETA|x64
		{B09E2619-1886-40C4-8A8B-22E46B61C716}.Debug_BETA|x64.Deploy.0 = Debug_BETA|x64
		{B09E2619-1886-40C4-8A8B-22E46B61C716}.Debug_BETA|x86.ActiveCfg = Debug_BETA|x86
		{B09E2619-1886-40C4-8A8B-22E46B61C716}.Debug_BETA|x86.Build.0 = Debug_BETA|x86
		{B09E2619-1886-40C4-8A8B-22E46B61C716}.Debug_BETA|x86.Deploy.0 = Debug_BETA|x86
		{B09E2619-1886-40C4-8A8B-22E46B61C716}.Debug|Any CPU.ActiveCfg = Debug|x86
		{B09E2619-1886-40C4-8A8B-22E46B61C716}.Debug|ARM.ActiveCfg = Debug|ARM
		{B09E2619-1886-40C4-8A8B-22E46B61C716}.Debug|ARM64.ActiveCfg = Debug|ARM64
		{B09E2619-1886-40C4-8A8B-22E46B61C716}.Debug|x64.ActiveCfg = Debug|x64
		{B09E2619-1886-40C4-8A8B-22E46B61C716}.Debug|x86.ActiveCfg = Debug|x86
		{B09E2619-1886-40C4-8A8B-22E46B61C716}.Release_BETA|Any CPU.ActiveCfg = Release_BETA|x86
		{B09E2619-1886-40C4-8A8B-22E46B61C716}.Release_BETA|ARM.ActiveCfg = Release_BETA|ARM
		{B09E2619-1886-40C4-8A8B-22E46B61C716}.Release_BETA|ARM.Build.0 = Release_BETA|ARM
		{B09E2619-1886-40C4-8A8B-22E46B61C716}.Release_BETA|ARM.Deploy.0 = Release_BETA|ARM
		{B09E2619-1886-40C4-8A8B-22E46B61C716}.Release_BETA|ARM64.ActiveCfg = Release_BETA|ARM64
		{B09E2619-1886-40C4-8A8B-22E46B61C716}.Release_BETA|ARM64.Build.0 = Release_BETA|ARM64
		{B09E2619-1886-40C4-8A8B-22E46B61C716}.Release_BETA|ARM64.Deploy.0 = Release_BETA|ARM64
		{B09E2619-1886-40C4-8A8B-22E46B61C716}.Release_BETA|x64.ActiveCfg = Release_BETA|x64
		{B09E2619-1886-40C4-8A8B-22E46B61C716}.Release_BETA|x64.Build.0 = Release_BETA|x64
		{B09E2619-1886-40C4-8A8B-22E46B61C716}.Release_BETA|x64.Deploy.0 = Release_BETA|x64
		{B09E2619-1886-40C4-8A8B-22E46B61C716}.Release_BETA|x86.ActiveCfg = Release_BETA|x86
		{B09E2619-1886-40C4-8A8B-22E46B61C716}.Release_BETA|x86.Build.0 = Release_BETA|x86
		{B09E2619-1886-40C4-8A8B-22E46B61C716}.Release_BETA|x86.Deploy.0 = Release_BETA|x86
		{B09E2619-1886-40C4-8A8B-22E46B61C716}.Release|Any CPU.ActiveCfg = Release|x86
		{B09E2619-1886-40C4-8A8B-22E46B61C716}.Release|ARM.ActiveCfg = Release|ARM
		{B09E2619-1886-40C4-8A8B-22E46B61C716}.Release|ARM64.ActiveCfg = Release|ARM64
		{B09E2619-1886-40C4-8A8B-22E46B61C716}.Release|x64.ActiveCfg = Release|x64
		{B09E2619-1886-40C4-8A8B-22E46B61C716}.Release|x86.ActiveCfg = Release|x86
		{A58F3DC7-4E7C-4E02-8852-BD8B8F913E5D}.Debug_BETA|Any CPU.ActiveCfg = Debug_BETA|x86
		{A58F3DC7-4E7C-4E02-8852-BD8B8F913E5D}.Debug_BETA|ARM.ActiveCfg = Debug_BETA|ARM
		{A58F3DC7-4E7C-4E02-8852-BD8B8F913E5D}.Debug_BETA|ARM64.ActiveCfg = Debug_BETA|ARM64
		{A58F3DC7-4E7C-4E02-8852-BD8B8F913E5D}.Debug_BETA|x64.ActiveCfg = Debug_BETA|x64
		{A58F3DC7-4E7C-4E02-8852-BD8B8F913E5D}.Debug_BETA|x86.ActiveCfg = Debug_BETA|x86
		{A58F3DC7-4E7C-4E02-8852-BD8B8F913E5D}.Debug|Any CPU.ActiveCfg = Debug|x86
		{A58F3DC7-4E7C-4E02-8852-BD8B8F913E5D}.Debug|ARM.ActiveCfg = Debug|ARM
		{A58F3DC7-4E7C-4E02-8852-BD8B8F913E5D}.Debug|ARM.Build.0 = Debug|ARM
		{A58F3DC7-4E7C-4E02-8852-BD8B8F913E5D}.Debug|ARM.Deploy.0 = Debug|ARM
		{A58F3DC7-4E7C-4E02-8852-BD8B8F913E5D}.Debug|ARM64.ActiveCfg = Debug|ARM64
		{A58F3DC7-4E7C-4E02-8852-BD8B8F913E5D}.Debug|ARM64.Build.0 = Debug|ARM64
		{A58F3DC7-4E7C-4E02-8852-BD8B8F913E5D}.Debug|ARM64.Deploy.0 = Debug|ARM64
		{A58F3DC7-4E7C-4E02-8852-BD8B8F913E5D}.Debug|x64.ActiveCfg = Debug|x64
		{A58F3DC7-4E7C-4E02-8852-BD8B8F913E5D}.Debug|x64.Build.0 = Debug|x64
		{A58F3DC7-4E7C-4E02-8852-BD8B8F913E5D}.Debug|x64.Deploy.0 = Debug|x64
		{A58F3DC7-4E7C-4E02-8852-BD8B8F913E5D}.Debug|x86.ActiveCfg = Debug|x86
		{A58F3DC7-4E7C-4E02-8852-BD8B8F913E5D}.Debug|x86.Build.0 = Debug|x86
		{A58F3DC7-4E7C-4E02-8852-BD8B8F913E5D}.Debug|x86.Deploy.0 = Debug|x86
		{A58F3DC7-4E7C-4E02-8852-BD8B8F913E5D}.Release_BETA|Any CPU.ActiveCfg = Release_BETA|x86
		{A58F3DC7-4E7C-4E02-8852-BD8B8F913E5D}.Release_BETA|ARM.ActiveCfg = Release_BETA|ARM
		{A58F3DC7-4E7C-4E02-8852-BD8B8F913E5D}.Release_BETA|ARM64.ActiveCfg = Release_BETA|ARM64
		{A58F3DC7-4E7C-4E02-8852-BD8B8F913E5D}.Release_BETA|x64.ActiveCfg = Release_BETA|x64
		{A58F3DC7-4E7C-4E02-8852-BD8B8F913E5D}.Release_BETA|x86.ActiveCfg = Release_BETA|x86
		{A58F3DC7-4E7C-4E02-8852-BD8B8F913E5D}.Release|Any CPU.ActiveCfg = Release|x86
		{A58F3DC7-4E7C-4E02-8852-BD8B8F913E5D}.Release|ARM.ActiveCfg = Release|ARM
		{A58F3DC7-4E7C-4E02-8852-BD8B8F913E5D}.Release|ARM.Build.0 = Release|ARM
		{A58F3DC7-4E7C-4E02-8852-BD8B8F913E5D}.Release|ARM.Deploy.0 = Release|ARM
		{A58F3DC7-4E7C-4E02-8852-BD8B8F913E5D}.Release|ARM64.ActiveCfg = Release|ARM64
		{A58F3DC7-4E7C-4E02-8852-BD8B8F913E5D}.Release|ARM64.Build.0 = Release|ARM64
		{A58F3DC7-4E7C-4E02-8852-BD8B8F913E5D}.Release|ARM64.Deploy.0 = Release|ARM64
		{A58F3DC7-4E7C-4E02-8852-BD8B8F913E5D}.Release|x64.ActiveCfg = Release|x64
		{A58F3DC7-4E7C-4E02-8852-BD8B8F913E5D}.Release|x64.Build.0 = Release|x64
		{A58F3DC7-4E7C-4E02-8852-BD8B8F913E5D}.Release|x64.Deploy.0 = Release|x64
		{A58F3DC7-4E7C-4E02-8852-BD8B8F913E5D}.Release|x86.ActiveCfg = Release|x86
		{A58F3DC7-4E7C-4E02-8852-BD8B8F913E5D}.Release|x86.Build.0 = Release|x86
		{A58F3DC7-4E7C-4E02-8852-BD8B8F913E5D}.Release|x86.Deploy.0 = Release|x86
		{23FDA6BD-44D2-4D34-B873-A65EAB75A11B}.Debug_BETA|Any CPU.ActiveCfg = Debug|Any CPU
		{23FDA6BD-44D2-4D34-B873-A65EAB75A11B}.Debug_BETA|Any CPU.Build.0 = Debug|Any CPU
		{23FDA6BD-44D2-4D34-B873-A65EAB75A11B}.Debug_BETA|ARM.ActiveCfg = Debug|Any CPU
		{23FDA6BD-44D2-4D34-B873-A65EAB75A11B}.Debug_BETA|ARM.Build.0 = Debug|Any CPU
		{23FDA6BD-44D2-4D34-B873-A65EAB75A11B}.Debug_BETA|ARM64.ActiveCfg = Debug|Any CPU
		{23FDA6BD-44D2-4D34-B873-A65EAB75A11B}.Debug_BETA|ARM64.Build.0 = Debug|Any CPU
		{23FDA6BD-44D2-4D34-B873-A65EAB75A11B}.Debug_BETA|x64.ActiveCfg = Debug_BETA|Any CPU
		{23FDA6BD-44D2-4D34-B873-A65EAB75A11B}.Debug_BETA|x64.Build.0 = Debug_BETA|Any CPU
		{23FDA6BD-44D2-4D34-B873-A65EAB75A11B}.Debug_BETA|x86.ActiveCfg = Debug|Any CPU
		{23FDA6BD-44D2-4D34-B873-A65EAB75A11B}.Debug_BETA|x86.Build.0 = Debug|Any CPU
		{23FDA6BD-44D2-4D34-B873-A65EAB75A11B}.Debug|Any CPU.ActiveCfg = Debug|Any CPU
		{23FDA6BD-44D2-4D34-B873-A65EAB75A11B}.Debug|Any CPU.Build.0 = Debug|Any CPU
		{23FDA6BD-44D2-4D34-B873-A65EAB75A11B}.Debug|ARM.ActiveCfg = Debug|Any CPU
		{23FDA6BD-44D2-4D34-B873-A65EAB75A11B}.Debug|ARM.Build.0 = Debug|Any CPU
		{23FDA6BD-44D2-4D34-B873-A65EAB75A11B}.Debug|ARM64.ActiveCfg = Debug|Any CPU
		{23FDA6BD-44D2-4D34-B873-A65EAB75A11B}.Debug|ARM64.Build.0 = Debug|Any CPU
		{23FDA6BD-44D2-4D34-B873-A65EAB75A11B}.Debug|x64.ActiveCfg = Debug|Any CPU
		{23FDA6BD-44D2-4D34-B873-A65EAB75A11B}.Debug|x64.Build.0 = Debug|Any CPU
		{23FDA6BD-44D2-4D34-B873-A65EAB75A11B}.Debug|x86.ActiveCfg = Debug|Any CPU
		{23FDA6BD-44D2-4D34-B873-A65EAB75A11B}.Debug|x86.Build.0 = Debug|Any CPU
		{23FDA6BD-44D2-4D34-B873-A65EAB75A11B}.Release_BETA|Any CPU.ActiveCfg = Release|Any CPU
		{23FDA6BD-44D2-4D34-B873-A65EAB75A11B}.Release_BETA|Any CPU.Build.0 = Release|Any CPU
		{23FDA6BD-44D2-4D34-B873-A65EAB75A11B}.Release_BETA|ARM.ActiveCfg = Release|Any CPU
		{23FDA6BD-44D2-4D34-B873-A65EAB75A11B}.Release_BETA|ARM.Build.0 = Release|Any CPU
		{23FDA6BD-44D2-4D34-B873-A65EAB75A11B}.Release_BETA|ARM64.ActiveCfg = Release|Any CPU
		{23FDA6BD-44D2-4D34-B873-A65EAB75A11B}.Release_BETA|ARM64.Build.0 = Release|Any CPU
		{23FDA6BD-44D2-4D34-B873-A65EAB75A11B}.Release_BETA|x64.ActiveCfg = Release_BETA|Any CPU
		{23FDA6BD-44D2-4D34-B873-A65EAB75A11B}.Release_BETA|x64.Build.0 = Release_BETA|Any CPU
		{23FDA6BD-44D2-4D34-B873-A65EAB75A11B}.Release_BETA|x86.ActiveCfg = Release|Any CPU
		{23FDA6BD-44D2-4D34-B873-A65EAB75A11B}.Release_BETA|x86.Build.0 = Release|Any CPU
		{23FDA6BD-44D2-4D34-B873-A65EAB75A11B}.Release|Any CPU.ActiveCfg = Release|Any CPU
		{23FDA6BD-44D2-4D34-B873-A65EAB75A11B}.Release|Any CPU.Build.0 = Release|Any CPU
		{23FDA6BD-44D2-4D34-B873-A65EAB75A11B}.Release|ARM.ActiveCfg = Release|Any CPU
		{23FDA6BD-44D2-4D34-B873-A65EAB75A11B}.Release|ARM.Build.0 = Release|Any CPU
		{23FDA6BD-44D2-4D34-B873-A65EAB75A11B}.Release|ARM64.ActiveCfg = Release|Any CPU
		{23FDA6BD-44D2-4D34-B873-A65EAB75A11B}.Release|ARM64.Build.0 = Release|Any CPU
		{23FDA6BD-44D2-4D34-B873-A65EAB75A11B}.Release|x64.ActiveCfg = Release|Any CPU
		{23FDA6BD-44D2-4D34-B873-A65EAB75A11B}.Release|x64.Build.0 = Release|Any CPU
		{23FDA6BD-44D2-4D34-B873-A65EAB75A11B}.Release|x86.ActiveCfg = Release|Any CPU
		{23FDA6BD-44D2-4D34-B873-A65EAB75A11B}.Release|x86.Build.0 = Release|Any CPU
	EndGlobalSection
	GlobalSection(SolutionProperties) = preSolution
		HideSolutionNode = FALSE
	EndGlobalSection
	GlobalSection(NestedProjects) = preSolution
		{CE17E028-A91A-426D-8E1E-F13430FFDCCC} = {E1426653-7078-45FE-8966-C7A7BDC4369A}
		{91BC12BD-42D3-4F3A-A1C7-5E83DD0C41E2} = {E1426653-7078-45FE-8966-C7A7BDC4369A}
		{657D1E95-1520-4DAB-ABF1-E1DD7718C46F} = {4BF12415-D48E-4A1B-94A1-CD5FFFF89BDA}
		{424298E1-C917-4B03-9379-26096134E514} = {4BF12415-D48E-4A1B-94A1-CD5FFFF89BDA}
		{BEEA9C15-90EE-4473-A630-D8E69274C3A0} = {4BF12415-D48E-4A1B-94A1-CD5FFFF89BDA}
		{2599C9EA-7D83-4861-9D63-7C11D3936498} = {4BF12415-D48E-4A1B-94A1-CD5FFFF89BDA}
		{3767D794-4942-425C-8319-B8DEF530AB1C} = {4BF12415-D48E-4A1B-94A1-CD5FFFF89BDA}
		{553F43D1-46E2-4652-8335-D5298F75174F} = {4BF12415-D48E-4A1B-94A1-CD5FFFF89BDA}
		{69F2DC55-9ECA-44BB-B43E-F6B4DEF0EBBF} = {6EADBEA5-272B-4141-BDE6-1B30B3F8084F}
		{79B5D537-B511-4294-87E9-E73B3415AD0F} = {6EADBEA5-272B-4141-BDE6-1B30B3F8084F}
		{59ECC7D4-354C-4B81-B387-E7358BDD9BC4} = {4BF12415-D48E-4A1B-94A1-CD5FFFF89BDA}
		{23FDA6BD-44D2-4D34-B873-A65EAB75A11B} = {E1426653-7078-45FE-8966-C7A7BDC4369A}
	EndGlobalSection
	GlobalSection(ExtensibilityGlobals) = postSolution
		SolutionGuid = {EDF96D69-BD39-429D-AACC-4B162DC402C9}
	EndGlobalSection
EndGlobal
